// !$*UTF8*$!
{
	archiveVersion = 1;
	classes = {
	};
	objectVersion = 50;
	objects = {

/* Begin PBXBuildFile section */
		2874EA1126B7EB2D005D64C4 /* Identity.framework in Frameworks */ = {isa = PBXBuildFile; fileRef = 2874EA0C26B7EB0E005D64C4 /* Identity.framework */; };
		2874EA1226B7EB2D005D64C4 /* Identity.framework in Embed Frameworks */ = {isa = PBXBuildFile; fileRef = 2874EA0C26B7EB0E005D64C4 /* Identity.framework */; settings = {ATTRIBUTES = (CodeSignOnCopy, RemoveHeadersOnCopy, ); }; };
		E204635A26DE2A8500359236 /* SettingsViewController.swift in Sources */ = {isa = PBXBuildFile; fileRef = E204635926DE2A8500359236 /* SettingsViewController.swift */; };
		E20D25C827994E2E0093061F /* InfoPopupViewController.swift in Sources */ = {isa = PBXBuildFile; fileRef = E20D25C627994E2E0093061F /* InfoPopupViewController.swift */; };
		E20D25C927994E2E0093061F /* InfoPopupViewController.xib in Resources */ = {isa = PBXBuildFile; fileRef = E20D25C727994E2E0093061F /* InfoPopupViewController.xib */; };
		E22BC4952760D8D400ABDFA8 /* CustomPopUpViewController.xib in Resources */ = {isa = PBXBuildFile; fileRef = E22BC4932760D8D400ABDFA8 /* CustomPopUpViewController.xib */; };
		E22BC4982760D8F200ABDFA8 /* CustomPopUpViewController.swift in Sources */ = {isa = PBXBuildFile; fileRef = E22BC4972760D8F200ABDFA8 /* CustomPopUpViewController.swift */; };
		E231411626A550F000741657 /* HomeViewController.swift in Sources */ = {isa = PBXBuildFile; fileRef = E231411526A550F000741657 /* HomeViewController.swift */; };
		E24ECDCE269C663B00C61EF5 /* AppDelegate.swift in Sources */ = {isa = PBXBuildFile; fileRef = E24ECDCD269C663B00C61EF5 /* AppDelegate.swift */; };
		E24ECDD0269C663B00C61EF5 /* SceneDelegate.swift in Sources */ = {isa = PBXBuildFile; fileRef = E24ECDCF269C663B00C61EF5 /* SceneDelegate.swift */; };
		E24ECDD2269C663B00C61EF5 /* ViewController.swift in Sources */ = {isa = PBXBuildFile; fileRef = E24ECDD1269C663B00C61EF5 /* ViewController.swift */; };
		E24ECDD5269C663B00C61EF5 /* Main.storyboard in Resources */ = {isa = PBXBuildFile; fileRef = E24ECDD3269C663B00C61EF5 /* Main.storyboard */; };
		E24ECDD7269C663C00C61EF5 /* Assets.xcassets in Resources */ = {isa = PBXBuildFile; fileRef = E24ECDD6269C663C00C61EF5 /* Assets.xcassets */; };
		E24ECDDA269C663C00C61EF5 /* LaunchScreen.storyboard in Resources */ = {isa = PBXBuildFile; fileRef = E24ECDD8269C663C00C61EF5 /* LaunchScreen.storyboard */; };
		E24ECDF0269C668C00C61EF5 /* IdentityConfiguration.plist in Resources */ = {isa = PBXBuildFile; fileRef = E24ECDEF269C668C00C61EF5 /* IdentityConfiguration.plist */; };
		E2709BAC277DDBA200500FE6 /* TransferFundsViewContoller.swift in Sources */ = {isa = PBXBuildFile; fileRef = E2709BAB277DDBA200500FE6 /* TransferFundsViewContoller.swift */; };
		E2AD8A74270F09ED00F554B1 /* NotificationsViewController.swift in Sources */ = {isa = PBXBuildFile; fileRef = E2AD8A73270F09ED00F554B1 /* NotificationsViewController.swift */; };
		E2E77B67277B767000D3A443 /* LoginViewController.swift in Sources */ = {isa = PBXBuildFile; fileRef = E2E77B66277B767000D3A443 /* LoginViewController.swift */; };
		E2EB52E7271051D000027FF8 /* MFANotificationTableViewCell.swift in Sources */ = {isa = PBXBuildFile; fileRef = E2EB52E5271051D000027FF8 /* MFANotificationTableViewCell.swift */; };
		E2EB52E8271051D000027FF8 /* MFANotificationTableViewCell.xib in Resources */ = {isa = PBXBuildFile; fileRef = E2EB52E6271051D000027FF8 /* MFANotificationTableViewCell.xib */; };
		E2F4F8592760908B00237A91 /* WelcomeViewController.swift in Sources */ = {isa = PBXBuildFile; fileRef = E2F4F8582760908B00237A91 /* WelcomeViewController.swift */; };
		E2F4F85E2760A69900237A91 /* LoginTypeTableViewCell.swift in Sources */ = {isa = PBXBuildFile; fileRef = E2F4F85C2760A69900237A91 /* LoginTypeTableViewCell.swift */; };
		E2F4F85F2760A69900237A91 /* LoginTypeTableViewCell.xib in Resources */ = {isa = PBXBuildFile; fileRef = E2F4F85D2760A69900237A91 /* LoginTypeTableViewCell.xib */; };
		E2F4F8612760B2E100237A91 /* CardView.swift in Sources */ = {isa = PBXBuildFile; fileRef = E2F4F8602760B2E100237A91 /* CardView.swift */; };
/* End PBXBuildFile section */

/* Begin PBXContainerItemProxy section */
		2874EA0B26B7EB0E005D64C4 /* PBXContainerItemProxy */ = {
			isa = PBXContainerItemProxy;
			containerPortal = 2874EA0626B7EB0D005D64C4 /* Identity.xcodeproj */;
			proxyType = 2;
			remoteGlobalIDString = E2C669C226987AAF00E98544;
			remoteInfo = Identity;
		};
		2874EA0D26B7EB0E005D64C4 /* PBXContainerItemProxy */ = {
			isa = PBXContainerItemProxy;
			containerPortal = 2874EA0626B7EB0D005D64C4 /* Identity.xcodeproj */;
			proxyType = 2;
			remoteGlobalIDString = E2C669CB26987AAF00E98544;
			remoteInfo = IdentityTests;
		};
/* End PBXContainerItemProxy section */

/* Begin PBXCopyFilesBuildPhase section */
		E2EE993F269C9110004DF1EF /* Embed Frameworks */ = {
			isa = PBXCopyFilesBuildPhase;
			buildActionMask = 2147483647;
			dstPath = "";
			dstSubfolderSpec = 10;
			files = (
				2874EA1226B7EB2D005D64C4 /* Identity.framework in Embed Frameworks */,
			);
			name = "Embed Frameworks";
			runOnlyForDeploymentPostprocessing = 0;
		};
/* End PBXCopyFilesBuildPhase section */

/* Begin PBXFileReference section */
		2874EA0626B7EB0D005D64C4 /* Identity.xcodeproj */ = {isa = PBXFileReference; lastKnownFileType = "wrapper.pb-project"; name = Identity.xcodeproj; path = Identity/Identity.xcodeproj; sourceTree = "<group>"; };
		E204635926DE2A8500359236 /* SettingsViewController.swift */ = {isa = PBXFileReference; lastKnownFileType = sourcecode.swift; path = SettingsViewController.swift; sourceTree = "<group>"; };
		E20D25C627994E2E0093061F /* InfoPopupViewController.swift */ = {isa = PBXFileReference; lastKnownFileType = sourcecode.swift; path = InfoPopupViewController.swift; sourceTree = "<group>"; };
		E20D25C727994E2E0093061F /* InfoPopupViewController.xib */ = {isa = PBXFileReference; lastKnownFileType = file.xib; path = InfoPopupViewController.xib; sourceTree = "<group>"; };
		E22BC4932760D8D400ABDFA8 /* CustomPopUpViewController.xib */ = {isa = PBXFileReference; fileEncoding = 4; lastKnownFileType = file.xib; path = CustomPopUpViewController.xib; sourceTree = "<group>"; };
		E22BC4972760D8F200ABDFA8 /* CustomPopUpViewController.swift */ = {isa = PBXFileReference; fileEncoding = 4; lastKnownFileType = sourcecode.swift; path = CustomPopUpViewController.swift; sourceTree = "<group>"; };
		E231411526A550F000741657 /* HomeViewController.swift */ = {isa = PBXFileReference; lastKnownFileType = sourcecode.swift; path = HomeViewController.swift; sourceTree = "<group>"; };
		E2414FAF269EFF7F00230041 /* IdentityIntegrationApp.entitlements */ = {isa = PBXFileReference; lastKnownFileType = text.plist.entitlements; path = IdentityIntegrationApp.entitlements; sourceTree = "<group>"; };
		E24ECDCA269C663A00C61EF5 /* IdentityIntegrationApp.app */ = {isa = PBXFileReference; explicitFileType = wrapper.application; includeInIndex = 0; path = IdentityIntegrationApp.app; sourceTree = BUILT_PRODUCTS_DIR; };
		E24ECDCD269C663B00C61EF5 /* AppDelegate.swift */ = {isa = PBXFileReference; lastKnownFileType = sourcecode.swift; path = AppDelegate.swift; sourceTree = "<group>"; };
		E24ECDCF269C663B00C61EF5 /* SceneDelegate.swift */ = {isa = PBXFileReference; lastKnownFileType = sourcecode.swift; path = SceneDelegate.swift; sourceTree = "<group>"; };
		E24ECDD1269C663B00C61EF5 /* ViewController.swift */ = {isa = PBXFileReference; lastKnownFileType = sourcecode.swift; path = ViewController.swift; sourceTree = "<group>"; };
		E24ECDD4269C663B00C61EF5 /* Base */ = {isa = PBXFileReference; lastKnownFileType = file.storyboard; name = Base; path = Base.lproj/Main.storyboard; sourceTree = "<group>"; };
		E24ECDD6269C663C00C61EF5 /* Assets.xcassets */ = {isa = PBXFileReference; lastKnownFileType = folder.assetcatalog; path = Assets.xcassets; sourceTree = "<group>"; };
		E24ECDD9269C663C00C61EF5 /* Base */ = {isa = PBXFileReference; lastKnownFileType = file.storyboard; name = Base; path = Base.lproj/LaunchScreen.storyboard; sourceTree = "<group>"; };
		E24ECDDB269C663C00C61EF5 /* Info.plist */ = {isa = PBXFileReference; lastKnownFileType = text.plist.xml; path = Info.plist; sourceTree = "<group>"; };
		E24ECDEF269C668C00C61EF5 /* IdentityConfiguration.plist */ = {isa = PBXFileReference; fileEncoding = 4; lastKnownFileType = text.plist.xml; path = IdentityConfiguration.plist; sourceTree = "<group>"; };
		E2709BAB277DDBA200500FE6 /* TransferFundsViewContoller.swift */ = {isa = PBXFileReference; lastKnownFileType = sourcecode.swift; path = TransferFundsViewContoller.swift; sourceTree = "<group>"; };
		E2AD8A73270F09ED00F554B1 /* NotificationsViewController.swift */ = {isa = PBXFileReference; lastKnownFileType = sourcecode.swift; path = NotificationsViewController.swift; sourceTree = "<group>"; };
		E2E77B66277B767000D3A443 /* LoginViewController.swift */ = {isa = PBXFileReference; lastKnownFileType = sourcecode.swift; path = LoginViewController.swift; sourceTree = "<group>"; };
		E2EB52E5271051D000027FF8 /* MFANotificationTableViewCell.swift */ = {isa = PBXFileReference; lastKnownFileType = sourcecode.swift; path = MFANotificationTableViewCell.swift; sourceTree = "<group>"; };
		E2EB52E6271051D000027FF8 /* MFANotificationTableViewCell.xib */ = {isa = PBXFileReference; lastKnownFileType = file.xib; path = MFANotificationTableViewCell.xib; sourceTree = "<group>"; };
		E2F4F8582760908B00237A91 /* WelcomeViewController.swift */ = {isa = PBXFileReference; lastKnownFileType = sourcecode.swift; path = WelcomeViewController.swift; sourceTree = "<group>"; };
		E2F4F85C2760A69900237A91 /* LoginTypeTableViewCell.swift */ = {isa = PBXFileReference; lastKnownFileType = sourcecode.swift; path = LoginTypeTableViewCell.swift; sourceTree = "<group>"; };
		E2F4F85D2760A69900237A91 /* LoginTypeTableViewCell.xib */ = {isa = PBXFileReference; lastKnownFileType = file.xib; path = LoginTypeTableViewCell.xib; sourceTree = "<group>"; };
		E2F4F8602760B2E100237A91 /* CardView.swift */ = {isa = PBXFileReference; lastKnownFileType = sourcecode.swift; path = CardView.swift; sourceTree = "<group>"; };
/* End PBXFileReference section */

/* Begin PBXFrameworksBuildPhase section */
		E24ECDC7269C663A00C61EF5 /* Frameworks */ = {
			isa = PBXFrameworksBuildPhase;
			buildActionMask = 2147483647;
			files = (
				2874EA1126B7EB2D005D64C4 /* Identity.framework in Frameworks */,
			);
			runOnlyForDeploymentPostprocessing = 0;
		};
/* End PBXFrameworksBuildPhase section */

/* Begin PBXGroup section */
		2874EA0726B7EB0D005D64C4 /* Products */ = {
			isa = PBXGroup;
			children = (
				2874EA0C26B7EB0E005D64C4 /* Identity.framework */,
				2874EA0E26B7EB0E005D64C4 /* IdentityTests.xctest */,
			);
			name = Products;
			sourceTree = "<group>";
		};
		E22BC48E2760D84600ABDFA8 /* Login */ = {
			isa = PBXGroup;
			children = (
				E2F4F85C2760A69900237A91 /* LoginTypeTableViewCell.swift */,
				E2F4F85D2760A69900237A91 /* LoginTypeTableViewCell.xib */,
			);
			path = Login;
			sourceTree = "<group>";
		};
		E22BC4922760D8AC00ABDFA8 /* Others */ = {
			isa = PBXGroup;
			children = (
				E22BC4972760D8F200ABDFA8 /* CustomPopUpViewController.swift */,
				E22BC4932760D8D400ABDFA8 /* CustomPopUpViewController.xib */,
				E20D25C627994E2E0093061F /* InfoPopupViewController.swift */,
				E20D25C727994E2E0093061F /* InfoPopupViewController.xib */,
			);
			path = Others;
			sourceTree = "<group>";
		};
		E24ECDC1269C663A00C61EF5 = {
			isa = PBXGroup;
			children = (
				E24ECDCC269C663A00C61EF5 /* IdentityIntegrationApp */,
				E24ECDCB269C663A00C61EF5 /* Products */,
				E24ECDF2269C66A400C61EF5 /* Frameworks */,
			);
			sourceTree = "<group>";
		};
		E24ECDCB269C663A00C61EF5 /* Products */ = {
			isa = PBXGroup;
			children = (
				E24ECDCA269C663A00C61EF5 /* IdentityIntegrationApp.app */,
			);
			name = Products;
			sourceTree = "<group>";
		};
		E24ECDCC269C663A00C61EF5 /* IdentityIntegrationApp */ = {
			isa = PBXGroup;
			children = (
				E2414FAF269EFF7F00230041 /* IdentityIntegrationApp.entitlements */,
				2874EA0626B7EB0D005D64C4 /* Identity.xcodeproj */,
				E24ECDCD269C663B00C61EF5 /* AppDelegate.swift */,
				E24ECDCF269C663B00C61EF5 /* SceneDelegate.swift */,
				E24ECDD1269C663B00C61EF5 /* ViewController.swift */,
				E231411526A550F000741657 /* HomeViewController.swift */,
				E204635926DE2A8500359236 /* SettingsViewController.swift */,
				E2F4F8582760908B00237A91 /* WelcomeViewController.swift */,
				E2AD8A73270F09ED00F554B1 /* NotificationsViewController.swift */,
				E2EB52E5271051D000027FF8 /* MFANotificationTableViewCell.swift */,
				E2EB52E6271051D000027FF8 /* MFANotificationTableViewCell.xib */,
				E2709BA6277DDB2500500FE6 /* TransferFunds */,
				E2E77B61277B752C00D3A443 /* NativeLogin */,
				E22BC48E2760D84600ABDFA8 /* Login */,
				E258C8A427954C69003F3463 /* MFAWidget */,
				E22BC4922760D8AC00ABDFA8 /* Others */,
				E2F4F8602760B2E100237A91 /* CardView.swift */,
				E24ECDD3269C663B00C61EF5 /* Main.storyboard */,
				E24ECDD6269C663C00C61EF5 /* Assets.xcassets */,
				E24ECDD8269C663C00C61EF5 /* LaunchScreen.storyboard */,
				E24ECDDB269C663C00C61EF5 /* Info.plist */,
				E24ECDEF269C668C00C61EF5 /* IdentityConfiguration.plist */,
			);
			path = IdentityIntegrationApp;
			sourceTree = "<group>";
		};
		E24ECDF2269C66A400C61EF5 /* Frameworks */ = {
			isa = PBXGroup;
			children = (
			);
			name = Frameworks;
			sourceTree = "<group>";
		};
		E258C8A427954C69003F3463 /* MFAWidget */ = {
			isa = PBXGroup;
			children = (
			);
			path = MFAWidget;
			sourceTree = "<group>";
		};
		E2709BA6277DDB2500500FE6 /* TransferFunds */ = {
			isa = PBXGroup;
			children = (
				E2709BAB277DDBA200500FE6 /* TransferFundsViewContoller.swift */,
			);
			path = TransferFunds;
			sourceTree = "<group>";
		};
		E2E77B61277B752C00D3A443 /* NativeLogin */ = {
			isa = PBXGroup;
			children = (
				E2E77B66277B767000D3A443 /* LoginViewController.swift */,
			);
			path = NativeLogin;
			sourceTree = "<group>";
		};
/* End PBXGroup section */

/* Begin PBXNativeTarget section */
		E24ECDC9269C663A00C61EF5 /* IdentityIntegrationApp */ = {
			isa = PBXNativeTarget;
			buildConfigurationList = E24ECDDE269C663C00C61EF5 /* Build configuration list for PBXNativeTarget "IdentityIntegrationApp" */;
			buildPhases = (
				E24ECDC6269C663A00C61EF5 /* Sources */,
				E24ECDC7269C663A00C61EF5 /* Frameworks */,
				E24ECDC8269C663A00C61EF5 /* Resources */,
				E2EE993F269C9110004DF1EF /* Embed Frameworks */,
			);
			buildRules = (
			);
			dependencies = (
			);
			name = IdentityIntegrationApp;
			productName = IdentityIntegrationApp;
			productReference = E24ECDCA269C663A00C61EF5 /* IdentityIntegrationApp.app */;
			productType = "com.apple.product-type.application";
		};
/* End PBXNativeTarget section */

/* Begin PBXProject section */
		E24ECDC2269C663A00C61EF5 /* Project object */ = {
			isa = PBXProject;
			attributes = {
				LastSwiftUpdateCheck = 1200;
				LastUpgradeCheck = 1200;
				TargetAttributes = {
					E24ECDC9269C663A00C61EF5 = {
						CreatedOnToolsVersion = 12.0.1;
					};
				};
			};
			buildConfigurationList = E24ECDC5269C663A00C61EF5 /* Build configuration list for PBXProject "IdentityIntegrationApp" */;
			compatibilityVersion = "Xcode 9.3";
			developmentRegion = en;
			hasScannedForEncodings = 0;
			knownRegions = (
				en,
				Base,
			);
			mainGroup = E24ECDC1269C663A00C61EF5;
			productRefGroup = E24ECDCB269C663A00C61EF5 /* Products */;
			projectDirPath = "";
			projectReferences = (
				{
					ProductGroup = 2874EA0726B7EB0D005D64C4 /* Products */;
					ProjectRef = 2874EA0626B7EB0D005D64C4 /* Identity.xcodeproj */;
				},
			);
			projectRoot = "";
			targets = (
				E24ECDC9269C663A00C61EF5 /* IdentityIntegrationApp */,
			);
		};
/* End PBXProject section */

/* Begin PBXReferenceProxy section */
		2874EA0C26B7EB0E005D64C4 /* Identity.framework */ = {
			isa = PBXReferenceProxy;
			fileType = wrapper.framework;
			path = Identity.framework;
			remoteRef = 2874EA0B26B7EB0E005D64C4 /* PBXContainerItemProxy */;
			sourceTree = BUILT_PRODUCTS_DIR;
		};
		2874EA0E26B7EB0E005D64C4 /* IdentityTests.xctest */ = {
			isa = PBXReferenceProxy;
			fileType = wrapper.cfbundle;
			path = IdentityTests.xctest;
			remoteRef = 2874EA0D26B7EB0E005D64C4 /* PBXContainerItemProxy */;
			sourceTree = BUILT_PRODUCTS_DIR;
		};
/* End PBXReferenceProxy section */

/* Begin PBXResourcesBuildPhase section */
		E24ECDC8269C663A00C61EF5 /* Resources */ = {
			isa = PBXResourcesBuildPhase;
			buildActionMask = 2147483647;
			files = (
				E2EB52E8271051D000027FF8 /* MFANotificationTableViewCell.xib in Resources */,
				E2F4F85F2760A69900237A91 /* LoginTypeTableViewCell.xib in Resources */,
				E24ECDDA269C663C00C61EF5 /* LaunchScreen.storyboard in Resources */,
				E20D25C927994E2E0093061F /* InfoPopupViewController.xib in Resources */,
				E24ECDD7269C663C00C61EF5 /* Assets.xcassets in Resources */,
				E24ECDD5269C663B00C61EF5 /* Main.storyboard in Resources */,
				E24ECDF0269C668C00C61EF5 /* IdentityConfiguration.plist in Resources */,
				E22BC4952760D8D400ABDFA8 /* CustomPopUpViewController.xib in Resources */,
			);
			runOnlyForDeploymentPostprocessing = 0;
		};
/* End PBXResourcesBuildPhase section */

/* Begin PBXSourcesBuildPhase section */
		E24ECDC6269C663A00C61EF5 /* Sources */ = {
			isa = PBXSourcesBuildPhase;
			buildActionMask = 2147483647;
			files = (
				E2E77B67277B767000D3A443 /* LoginViewController.swift in Sources */,
				E20D25C827994E2E0093061F /* InfoPopupViewController.swift in Sources */,
				E22BC4982760D8F200ABDFA8 /* CustomPopUpViewController.swift in Sources */,
				E24ECDD2269C663B00C61EF5 /* ViewController.swift in Sources */,
				E2F4F8592760908B00237A91 /* WelcomeViewController.swift in Sources */,
				E24ECDCE269C663B00C61EF5 /* AppDelegate.swift in Sources */,
				E24ECDD0269C663B00C61EF5 /* SceneDelegate.swift in Sources */,
				E2709BAC277DDBA200500FE6 /* TransferFundsViewContoller.swift in Sources */,
				E2F4F8612760B2E100237A91 /* CardView.swift in Sources */,
				E2F4F85E2760A69900237A91 /* LoginTypeTableViewCell.swift in Sources */,
				E2AD8A74270F09ED00F554B1 /* NotificationsViewController.swift in Sources */,
				E204635A26DE2A8500359236 /* SettingsViewController.swift in Sources */,
				E231411626A550F000741657 /* HomeViewController.swift in Sources */,
				E2EB52E7271051D000027FF8 /* MFANotificationTableViewCell.swift in Sources */,
			);
			runOnlyForDeploymentPostprocessing = 0;
		};
/* End PBXSourcesBuildPhase section */

/* Begin PBXVariantGroup section */
		E24ECDD3269C663B00C61EF5 /* Main.storyboard */ = {
			isa = PBXVariantGroup;
			children = (
				E24ECDD4269C663B00C61EF5 /* Base */,
			);
			name = Main.storyboard;
			sourceTree = "<group>";
		};
		E24ECDD8269C663C00C61EF5 /* LaunchScreen.storyboard */ = {
			isa = PBXVariantGroup;
			children = (
				E24ECDD9269C663C00C61EF5 /* Base */,
			);
			name = LaunchScreen.storyboard;
			sourceTree = "<group>";
		};
/* End PBXVariantGroup section */

/* Begin XCBuildConfiguration section */
		E24ECDDC269C663C00C61EF5 /* Debug */ = {
			isa = XCBuildConfiguration;
			buildSettings = {
				ALWAYS_SEARCH_USER_PATHS = NO;
				CLANG_ANALYZER_NONNULL = YES;
				CLANG_ANALYZER_NUMBER_OBJECT_CONVERSION = YES_AGGRESSIVE;
				CLANG_CXX_LANGUAGE_STANDARD = "gnu++14";
				CLANG_CXX_LIBRARY = "libc++";
				CLANG_ENABLE_MODULES = YES;
				CLANG_ENABLE_OBJC_ARC = YES;
				CLANG_ENABLE_OBJC_WEAK = YES;
				CLANG_WARN_BLOCK_CAPTURE_AUTORELEASING = YES;
				CLANG_WARN_BOOL_CONVERSION = YES;
				CLANG_WARN_COMMA = YES;
				CLANG_WARN_CONSTANT_CONVERSION = YES;
				CLANG_WARN_DEPRECATED_OBJC_IMPLEMENTATIONS = YES;
				CLANG_WARN_DIRECT_OBJC_ISA_USAGE = YES_ERROR;
				CLANG_WARN_DOCUMENTATION_COMMENTS = YES;
				CLANG_WARN_EMPTY_BODY = YES;
				CLANG_WARN_ENUM_CONVERSION = YES;
				CLANG_WARN_INFINITE_RECURSION = YES;
				CLANG_WARN_INT_CONVERSION = YES;
				CLANG_WARN_NON_LITERAL_NULL_CONVERSION = YES;
				CLANG_WARN_OBJC_IMPLICIT_RETAIN_SELF = YES;
				CLANG_WARN_OBJC_LITERAL_CONVERSION = YES;
				CLANG_WARN_OBJC_ROOT_CLASS = YES_ERROR;
				CLANG_WARN_QUOTED_INCLUDE_IN_FRAMEWORK_HEADER = YES;
				CLANG_WARN_RANGE_LOOP_ANALYSIS = YES;
				CLANG_WARN_STRICT_PROTOTYPES = YES;
				CLANG_WARN_SUSPICIOUS_MOVE = YES;
				CLANG_WARN_UNGUARDED_AVAILABILITY = YES_AGGRESSIVE;
				CLANG_WARN_UNREACHABLE_CODE = YES;
				CLANG_WARN__DUPLICATE_METHOD_MATCH = YES;
				COPY_PHASE_STRIP = NO;
				DEBUG_INFORMATION_FORMAT = dwarf;
				ENABLE_STRICT_OBJC_MSGSEND = YES;
				ENABLE_TESTABILITY = YES;
				GCC_C_LANGUAGE_STANDARD = gnu11;
				GCC_DYNAMIC_NO_PIC = NO;
				GCC_NO_COMMON_BLOCKS = YES;
				GCC_OPTIMIZATION_LEVEL = 0;
				GCC_PREPROCESSOR_DEFINITIONS = (
					"DEBUG=1",
					"$(inherited)",
				);
				GCC_WARN_64_TO_32_BIT_CONVERSION = YES;
				GCC_WARN_ABOUT_RETURN_TYPE = YES_ERROR;
				GCC_WARN_UNDECLARED_SELECTOR = YES;
				GCC_WARN_UNINITIALIZED_AUTOS = YES_AGGRESSIVE;
				GCC_WARN_UNUSED_FUNCTION = YES;
				GCC_WARN_UNUSED_VARIABLE = YES;
				IPHONEOS_DEPLOYMENT_TARGET = 14.0;
				MTL_ENABLE_DEBUG_INFO = INCLUDE_SOURCE;
				MTL_FAST_MATH = YES;
				ONLY_ACTIVE_ARCH = YES;
				SDKROOT = iphoneos;
				SWIFT_ACTIVE_COMPILATION_CONDITIONS = DEBUG;
				SWIFT_OPTIMIZATION_LEVEL = "-Onone";
			};
			name = Debug;
		};
		E24ECDDD269C663C00C61EF5 /* Release */ = {
			isa = XCBuildConfiguration;
			buildSettings = {
				ALWAYS_SEARCH_USER_PATHS = NO;
				CLANG_ANALYZER_NONNULL = YES;
				CLANG_ANALYZER_NUMBER_OBJECT_CONVERSION = YES_AGGRESSIVE;
				CLANG_CXX_LANGUAGE_STANDARD = "gnu++14";
				CLANG_CXX_LIBRARY = "libc++";
				CLANG_ENABLE_MODULES = YES;
				CLANG_ENABLE_OBJC_ARC = YES;
				CLANG_ENABLE_OBJC_WEAK = YES;
				CLANG_WARN_BLOCK_CAPTURE_AUTORELEASING = YES;
				CLANG_WARN_BOOL_CONVERSION = YES;
				CLANG_WARN_COMMA = YES;
				CLANG_WARN_CONSTANT_CONVERSION = YES;
				CLANG_WARN_DEPRECATED_OBJC_IMPLEMENTATIONS = YES;
				CLANG_WARN_DIRECT_OBJC_ISA_USAGE = YES_ERROR;
				CLANG_WARN_DOCUMENTATION_COMMENTS = YES;
				CLANG_WARN_EMPTY_BODY = YES;
				CLANG_WARN_ENUM_CONVERSION = YES;
				CLANG_WARN_INFINITE_RECURSION = YES;
				CLANG_WARN_INT_CONVERSION = YES;
				CLANG_WARN_NON_LITERAL_NULL_CONVERSION = YES;
				CLANG_WARN_OBJC_IMPLICIT_RETAIN_SELF = YES;
				CLANG_WARN_OBJC_LITERAL_CONVERSION = YES;
				CLANG_WARN_OBJC_ROOT_CLASS = YES_ERROR;
				CLANG_WARN_QUOTED_INCLUDE_IN_FRAMEWORK_HEADER = YES;
				CLANG_WARN_RANGE_LOOP_ANALYSIS = YES;
				CLANG_WARN_STRICT_PROTOTYPES = YES;
				CLANG_WARN_SUSPICIOUS_MOVE = YES;
				CLANG_WARN_UNGUARDED_AVAILABILITY = YES_AGGRESSIVE;
				CLANG_WARN_UNREACHABLE_CODE = YES;
				CLANG_WARN__DUPLICATE_METHOD_MATCH = YES;
				COPY_PHASE_STRIP = NO;
				DEBUG_INFORMATION_FORMAT = "dwarf-with-dsym";
				ENABLE_NS_ASSERTIONS = NO;
				ENABLE_STRICT_OBJC_MSGSEND = YES;
				GCC_C_LANGUAGE_STANDARD = gnu11;
				GCC_NO_COMMON_BLOCKS = YES;
				GCC_WARN_64_TO_32_BIT_CONVERSION = YES;
				GCC_WARN_ABOUT_RETURN_TYPE = YES_ERROR;
				GCC_WARN_UNDECLARED_SELECTOR = YES;
				GCC_WARN_UNINITIALIZED_AUTOS = YES_AGGRESSIVE;
				GCC_WARN_UNUSED_FUNCTION = YES;
				GCC_WARN_UNUSED_VARIABLE = YES;
				IPHONEOS_DEPLOYMENT_TARGET = 14.0;
				MTL_ENABLE_DEBUG_INFO = NO;
				MTL_FAST_MATH = YES;
				SDKROOT = iphoneos;
				SWIFT_COMPILATION_MODE = wholemodule;
				SWIFT_OPTIMIZATION_LEVEL = "-O";
				VALIDATE_PRODUCT = YES;
			};
			name = Release;
		};
		E24ECDDF269C663C00C61EF5 /* Debug */ = {
			isa = XCBuildConfiguration;
			buildSettings = {
				ASSETCATALOG_COMPILER_APPICON_NAME = AppIcon;
				ASSETCATALOG_COMPILER_GLOBAL_ACCENT_COLOR_NAME = AccentColor;
				CODE_SIGN_ENTITLEMENTS = IdentityIntegrationApp/IdentityIntegrationApp.entitlements;
				CODE_SIGN_IDENTITY = "Apple Development";
				CODE_SIGN_STYLE = Automatic;
				DEVELOPMENT_TEAM = 284V5K992K;
				INFOPLIST_FILE = IdentityIntegrationApp/Info.plist;
				IPHONEOS_DEPLOYMENT_TARGET = 13.0;
				LD_RUNPATH_SEARCH_PATHS = (
					"$(inherited)",
					"@executable_path/Frameworks",
				);
				MARKETING_VERSION = 20.0;
				PRODUCT_BUNDLE_IDENTIFIER = com.cyberark.Identity.CyberArkIdentitySample;
				PRODUCT_NAME = "$(TARGET_NAME)";
				PROVISIONING_PROFILE_SPECIFIER = "";
				SWIFT_VERSION = 5.0;
				TARGETED_DEVICE_FAMILY = "1,2";
			};
			name = Debug;
		};
		E24ECDE0269C663C00C61EF5 /* Release */ = {
			isa = XCBuildConfiguration;
			buildSettings = {
				ASSETCATALOG_COMPILER_APPICON_NAME = AppIcon;
				ASSETCATALOG_COMPILER_GLOBAL_ACCENT_COLOR_NAME = AccentColor;
				CODE_SIGN_ENTITLEMENTS = IdentityIntegrationApp/IdentityIntegrationApp.entitlements;
				CODE_SIGN_IDENTITY = "Apple Development";
				CODE_SIGN_STYLE = Automatic;
				DEVELOPMENT_TEAM = 284V5K992K;
				INFOPLIST_FILE = IdentityIntegrationApp/Info.plist;
				IPHONEOS_DEPLOYMENT_TARGET = 13.0;
				LD_RUNPATH_SEARCH_PATHS = (
					"$(inherited)",
					"@executable_path/Frameworks",
				);
				MARKETING_VERSION = 20.0;
				PRODUCT_BUNDLE_IDENTIFIER = com.cyberark.Identity.CyberArkIdentitySample;
				PRODUCT_NAME = "$(TARGET_NAME)";
				PROVISIONING_PROFILE_SPECIFIER = "";
				SWIFT_VERSION = 5.0;
				TARGETED_DEVICE_FAMILY = "1,2";
			};
			name = Release;
		};
/* End XCBuildConfiguration section */

/* Begin XCConfigurationList section */
		E24ECDC5269C663A00C61EF5 /* Build configuration list for PBXProject "IdentityIntegrationApp" */ = {
			isa = XCConfigurationList;
			buildConfigurations = (
				E24ECDDC269C663C00C61EF5 /* Debug */,
				E24ECDDD269C663C00C61EF5 /* Release */,
			);
			defaultConfigurationIsVisible = 0;
			defaultConfigurationName = Release;
		};
		E24ECDDE269C663C00C61EF5 /* Build configuration list for PBXNativeTarget "IdentityIntegrationApp" */ = {
			isa = XCConfigurationList;
			buildConfigurations = (
				E24ECDDF269C663C00C61EF5 /* Debug */,
				E24ECDE0269C663C00C61EF5 /* Release */,
			);
			defaultConfigurationIsVisible = 0;
			defaultConfigurationName = Release;
		};
/* End XCConfigurationList section */
	};
	rootObject = E24ECDC2269C663A00C61EF5 /* Project object */;
}
