// !$*UTF8*$!
{
	archiveVersion = 1;
	classes = {
	};
	objectVersion = 50;
	objects = {

/* Begin PBXBuildFile section */
		282C846D26A5B0A9008C448C /* QRAuthViewModelTest.swift in Sources */ = {isa = PBXBuildFile; fileRef = 282C846C26A5B0A9008C448C /* QRAuthViewModelTest.swift */; };
		28352390269DADF100AE1BBB /* QRCodeAuthClient.swift in Sources */ = {isa = PBXBuildFile; fileRef = 2835238F269DADF100AE1BBB /* QRCodeAuthClient.swift */; };
		28352398269DAF0A00AE1BBB /* QRAuthResultModel.swift in Sources */ = {isa = PBXBuildFile; fileRef = 28352397269DAF0A00AE1BBB /* QRAuthResultModel.swift */; };
		283523A0269DBE5B00AE1BBB /* QRAuthEndPoint.swift in Sources */ = {isa = PBXBuildFile; fileRef = 2835239F269DBE5B00AE1BBB /* QRAuthEndPoint.swift */; };
		28519BC226B00F0C009F615D /* BiometricsAuthenticator.swift in Sources */ = {isa = PBXBuildFile; fileRef = 28519BC126B00F0C009F615D /* BiometricsAuthenticator.swift */; };
		28519BCC26B07003009F615D /* BiometricsAuthenticatorTest.swift in Sources */ = {isa = PBXBuildFile; fileRef = 28519BCB26B07003009F615D /* BiometricsAuthenticatorTest.swift */; };
		285ADA8426B4017000417085 /* QRCodeReaderViewController.swift in Sources */ = {isa = PBXBuildFile; fileRef = 285ADA8226B4017000417085 /* QRCodeReaderViewController.swift */; };
		285ADA8526B4017000417085 /* QRCodeReaderViewController.xib in Resources */ = {isa = PBXBuildFile; fileRef = 285ADA8326B4017000417085 /* QRCodeReaderViewController.xib */; };
		285ADA8926B4025200417085 /* AVCodeReader.swift in Sources */ = {isa = PBXBuildFile; fileRef = 285ADA8826B4025200417085 /* AVCodeReader.swift */; };
		285ADA8D26B4026E00417085 /* QRCodeReaderProtocol.swift in Sources */ = {isa = PBXBuildFile; fileRef = 285ADA8C26B4026E00417085 /* QRCodeReaderProtocol.swift */; };
		285ADA9726B432B800417085 /* QRCodeReaderViewControllerTest.swift in Sources */ = {isa = PBXBuildFile; fileRef = 285ADA9626B432B800417085 /* QRCodeReaderViewControllerTest.swift */; };
		285ADA9F26B4338700417085 /* MockCodeReader.swift in Sources */ = {isa = PBXBuildFile; fileRef = 285ADA9E26B4338700417085 /* MockCodeReader.swift */; };
		285ADAA526B446D200417085 /* QRCodeReaderBuilderTest.swift in Sources */ = {isa = PBXBuildFile; fileRef = 285ADAA426B446D200417085 /* QRCodeReaderBuilderTest.swift */; };
		2899322D26A83AAF00DA4FE3 /* QRAuthEndPointTest.swift in Sources */ = {isa = PBXBuildFile; fileRef = 2899322C26A83AAF00DA4FE3 /* QRAuthEndPointTest.swift */; };
		28E483BF26F3673200A58546 /* CyberArkAuthProviderTests.swift in Sources */ = {isa = PBXBuildFile; fileRef = 28E483BE26F3673200A58546 /* CyberArkAuthProviderTests.swift */; };
		28F9A85326F489F5002EA7EA /* KeychainWrapper.swift in Sources */ = {isa = PBXBuildFile; fileRef = E24ECD52269C63B100C61EF5 /* KeychainWrapper.swift */; };
		E204635E26DF759E00359236 /* UIColor+Helper.swift in Sources */ = {isa = PBXBuildFile; fileRef = E204635D26DF759E00359236 /* UIColor+Helper.swift */; };
		E20CE28226FB022D005B717B /* JWTHelper.swift in Sources */ = {isa = PBXBuildFile; fileRef = E20CE28126FB022D005B717B /* JWTHelper.swift */; };
		E22BC9D526AA938C00B3FD97 /* Device+Helper.swift in Sources */ = {isa = PBXBuildFile; fileRef = E22BC9D426AA938C00B3FD97 /* Device+Helper.swift */; };
		E22BC9DA26AABF4600B3FD97 /* EnrollEndpoint.swift in Sources */ = {isa = PBXBuildFile; fileRef = E22BC9D926AABF4600B3FD97 /* EnrollEndpoint.swift */; };
		E24ECD58269C63B100C61EF5 /* CyberarkAuthProvider.swift in Sources */ = {isa = PBXBuildFile; fileRef = E24ECD2B269C63B100C61EF5 /* CyberarkAuthProvider.swift */; };
		E24ECD59269C63B100C61EF5 /* CyberArkBrowserBuilder.swift in Sources */ = {isa = PBXBuildFile; fileRef = E24ECD2D269C63B100C61EF5 /* CyberArkBrowserBuilder.swift */; };
		E24ECD5A269C63B100C61EF5 /* CyberArkBrowser.swift in Sources */ = {isa = PBXBuildFile; fileRef = E24ECD2E269C63B100C61EF5 /* CyberArkBrowser.swift */; };
		E24ECD5B269C63B100C61EF5 /* AuthenticationViewModel.swift in Sources */ = {isa = PBXBuildFile; fileRef = E24ECD2F269C63B100C61EF5 /* AuthenticationViewModel.swift */; };
		E24ECD5C269C63B100C61EF5 /* OAuthEndPoint.swift in Sources */ = {isa = PBXBuildFile; fileRef = E24ECD30269C63B100C61EF5 /* OAuthEndPoint.swift */; };
		E24ECD5D269C63B100C61EF5 /* IdentityAppInfo.swift in Sources */ = {isa = PBXBuildFile; fileRef = E24ECD31269C63B100C61EF5 /* IdentityAppInfo.swift */; };
		E24ECD5F269C63B100C61EF5 /* IdentityTypes.swift in Sources */ = {isa = PBXBuildFile; fileRef = E24ECD35269C63B100C61EF5 /* IdentityTypes.swift */; };
		E24ECD60269C63B100C61EF5 /* OAuth2Header.swift in Sources */ = {isa = PBXBuildFile; fileRef = E24ECD36269C63B100C61EF5 /* OAuth2Header.swift */; };
		E24ECD61269C63B100C61EF5 /* IdentitySDKError.swift in Sources */ = {isa = PBXBuildFile; fileRef = E24ECD37269C63B100C61EF5 /* IdentitySDKError.swift */; };
		E24ECD62269C63B100C61EF5 /* OAuthAcessToken.swift in Sources */ = {isa = PBXBuildFile; fileRef = E24ECD3A269C63B100C61EF5 /* OAuthAcessToken.swift */; };
		E24ECD63269C63B100C61EF5 /* OAuthClient.swift in Sources */ = {isa = PBXBuildFile; fileRef = E24ECD3B269C63B100C61EF5 /* OAuthClient.swift */; };
		E24ECD66269C63B100C61EF5 /* APIError.swift in Sources */ = {isa = PBXBuildFile; fileRef = E24ECD40269C63B100C61EF5 /* APIError.swift */; };
		E24ECD67269C63B100C61EF5 /* APIClient.swift in Sources */ = {isa = PBXBuildFile; fileRef = E24ECD41269C63B100C61EF5 /* APIClient.swift */; };
		E24ECD68269C63B100C61EF5 /* APIResponse.swift in Sources */ = {isa = PBXBuildFile; fileRef = E24ECD42269C63B100C61EF5 /* APIResponse.swift */; };
		E24ECD69269C63B100C61EF5 /* APIRequest.swift in Sources */ = {isa = PBXBuildFile; fileRef = E24ECD43269C63B100C61EF5 /* APIRequest.swift */; };
		E24ECD6A269C63B100C61EF5 /* NetworkConstant.swift in Sources */ = {isa = PBXBuildFile; fileRef = E24ECD44269C63B100C61EF5 /* NetworkConstant.swift */; };
		E24ECD6B269C63B100C61EF5 /* QRAuthenticationProvider.swift in Sources */ = {isa = PBXBuildFile; fileRef = E24ECD46269C63B100C61EF5 /* QRAuthenticationProvider.swift */; };
		E24ECD6C269C63B100C61EF5 /* QRAuthModel.swift in Sources */ = {isa = PBXBuildFile; fileRef = E24ECD47269C63B100C61EF5 /* QRAuthModel.swift */; };
		E24ECD6D269C63B100C61EF5 /* QRAuthViewModel.swift in Sources */ = {isa = PBXBuildFile; fileRef = E24ECD48269C63B100C61EF5 /* QRAuthViewModel.swift */; };
		E24ECD70269C63B100C61EF5 /* Codable+Helper.swift in Sources */ = {isa = PBXBuildFile; fileRef = E24ECD4C269C63B100C61EF5 /* Codable+Helper.swift */; };
		E24ECD71269C63B100C61EF5 /* Data+Helper.swift in Sources */ = {isa = PBXBuildFile; fileRef = E24ECD4D269C63B100C61EF5 /* Data+Helper.swift */; };
		E24ECD72269C63B100C61EF5 /* ViewController+Helper.swift in Sources */ = {isa = PBXBuildFile; fileRef = E24ECD4E269C63B100C61EF5 /* ViewController+Helper.swift */; };
		E24ECD73269C63B100C61EF5 /* Bundle+Helper.swift in Sources */ = {isa = PBXBuildFile; fileRef = E24ECD4F269C63B100C61EF5 /* Bundle+Helper.swift */; };
		E24ECD74269C63B100C61EF5 /* AuthOChallengeGenerator.swift in Sources */ = {isa = PBXBuildFile; fileRef = E24ECD50269C63B100C61EF5 /* AuthOChallengeGenerator.swift */; };
		E24ECD75269C63B100C61EF5 /* Logger.swift in Sources */ = {isa = PBXBuildFile; fileRef = E24ECD51269C63B100C61EF5 /* Logger.swift */; };
		E24ECD76269C63B100C61EF5 /* KeychainWrapper.swift in Sources */ = {isa = PBXBuildFile; fileRef = E24ECD52269C63B100C61EF5 /* KeychainWrapper.swift */; };
		E24ECD77269C63B100C61EF5 /* Reachability.swift in Sources */ = {isa = PBXBuildFile; fileRef = E24ECD53269C63B100C61EF5 /* Reachability.swift */; };
		E24ECD78269C63B100C61EF5 /* URLRquest+Helper.swift in Sources */ = {isa = PBXBuildFile; fileRef = E24ECD54269C63B100C61EF5 /* URLRquest+Helper.swift */; };
		E24ECD79269C63B100C61EF5 /* URL+Helper.swift in Sources */ = {isa = PBXBuildFile; fileRef = E24ECD55269C63B100C61EF5 /* URL+Helper.swift */; };
		E24ECD7B269C63B100C61EF5 /* String+Helper.swift in Sources */ = {isa = PBXBuildFile; fileRef = E24ECD57269C63B100C61EF5 /* String+Helper.swift */; };
		E25C431726C67FB800800764 /* Localizable.strings in Resources */ = {isa = PBXBuildFile; fileRef = E25C431626C67FB800800764 /* Localizable.strings */; };
		E25C431C26C69CAA00800764 /* Dictionary+Helper.swift in Sources */ = {isa = PBXBuildFile; fileRef = E25C431B26C69CAA00800764 /* Dictionary+Helper.swift */; };
		E25C433326CA4DF900800764 /* CyberarkAccount.swift in Sources */ = {isa = PBXBuildFile; fileRef = E25C433226CA4DF900800764 /* CyberarkAccount.swift */; };
		E25C43AC26CE54BD00800764 /* GlobalHelper.swift in Sources */ = {isa = PBXBuildFile; fileRef = E25C43AB26CE54BD00800764 /* GlobalHelper.swift */; };
		E25C449F26CF844A00800764 /* Date+Helper.swift in Sources */ = {isa = PBXBuildFile; fileRef = E25C449E26CF844A00800764 /* Date+Helper.swift */; };
		E27237DB26C51DC800F748B8 /* DeviceManager.swift in Sources */ = {isa = PBXBuildFile; fileRef = E27237DA26C51DC800F748B8 /* DeviceManager.swift */; };
		E27237DF26C5503600F748B8 /* BaseResponse.swift in Sources */ = {isa = PBXBuildFile; fileRef = E27237DE26C5503600F748B8 /* BaseResponse.swift */; };
		E27237E326C551AC00F748B8 /* EnrollDevice.swift in Sources */ = {isa = PBXBuildFile; fileRef = E27237E226C551AC00F748B8 /* EnrollDevice.swift */; };
		E27237ED26C5673300F748B8 /* EnrollmentProvider.swift in Sources */ = {isa = PBXBuildFile; fileRef = E27237EC26C5673300F748B8 /* EnrollmentProvider.swift */; };
		E2778FEF26D7CCA400D84B1F /* EnrollmentEndpointTests.swift in Sources */ = {isa = PBXBuildFile; fileRef = E2778FEE26D7CCA400D84B1F /* EnrollmentEndpointTests.swift */; };
		E2778FF526D7CCB900D84B1F /* EnrollmentViewModelTests.swift in Sources */ = {isa = PBXBuildFile; fileRef = E2778FF426D7CCB900D84B1F /* EnrollmentViewModelTests.swift */; };
		E2C669CC26987AAF00E98544 /* Identity.framework in Frameworks */ = {isa = PBXBuildFile; fileRef = E2C669C226987AAF00E98544 /* Identity.framework */; };
		E2C669D126987AAF00E98544 /* IdentityTests.swift in Sources */ = {isa = PBXBuildFile; fileRef = E2C669D026987AAF00E98544 /* IdentityTests.swift */; };
		E2C669D326987AAF00E98544 /* Identity.h in Headers */ = {isa = PBXBuildFile; fileRef = E2C669C526987AAF00E98544 /* Identity.h */; settings = {ATTRIBUTES = (Public, ); }; };
		E2EB34C326E5F2F700DC2FE5 /* OAuth_End_Session_Success.json in Resources */ = {isa = PBXBuildFile; fileRef = E2EB34C226E5F2F700DC2FE5 /* OAuth_End_Session_Success.json */; };
		E2EB34C926E5F2FF00DC2FE5 /* OAuth_Redirect_Failure.json in Resources */ = {isa = PBXBuildFile; fileRef = E2EB34C826E5F2FE00DC2FE5 /* OAuth_Redirect_Failure.json */; };
		E2EB34CF26E5F30600DC2FE5 /* OAuth_Success.json in Resources */ = {isa = PBXBuildFile; fileRef = E2EB34CE26E5F30600DC2FE5 /* OAuth_Success.json */; };
		E2EB34D526E5F30D00DC2FE5 /* OAuth_Refresh_Token_Success.json in Resources */ = {isa = PBXBuildFile; fileRef = E2EB34D426E5F30D00DC2FE5 /* OAuth_Refresh_Token_Success.json */; };
		E2EB34DB26E5F31900DC2FE5 /* OAuth_End_Session_Failure.json in Resources */ = {isa = PBXBuildFile; fileRef = E2EB34DA26E5F31900DC2FE5 /* OAuth_End_Session_Failure.json */; };
		E2EB34EA26E5F55800DC2FE5 /* Enrollment_Success.json in Resources */ = {isa = PBXBuildFile; fileRef = E2EB34E926E5F55800DC2FE5 /* Enrollment_Success.json */; };
		E2EFFF0126C2B855008EED7E /* OAuthEndPointTests.swift in Sources */ = {isa = PBXBuildFile; fileRef = E2EFFF0026C2B855008EED7E /* OAuthEndPointTests.swift */; };
		E2EFFF0526C2C3D8008EED7E /* AuthenticationViewModelTests.swift in Sources */ = {isa = PBXBuildFile; fileRef = E2EFFF0426C2C3D8008EED7E /* AuthenticationViewModelTests.swift */; };
		E2EFFF1626C3AD81008EED7E /* EnrollmentViewModel.swift in Sources */ = {isa = PBXBuildFile; fileRef = E2EFFF1526C3AD81008EED7E /* EnrollmentViewModel.swift */; };
		E2EFFF1A26C3AF01008EED7E /* EnrollmentClient.swift in Sources */ = {isa = PBXBuildFile; fileRef = E2EFFF1926C3AF01008EED7E /* EnrollmentClient.swift */; };
/* End PBXBuildFile section */

/* Begin PBXContainerItemProxy section */
		E2C669CD26987AAF00E98544 /* PBXContainerItemProxy */ = {
			isa = PBXContainerItemProxy;
			containerPortal = E2C669B926987AAF00E98544 /* Project object */;
			proxyType = 1;
			remoteGlobalIDString = E2C669C126987AAF00E98544;
			remoteInfo = Identity;
		};
/* End PBXContainerItemProxy section */

/* Begin PBXFileReference section */
		282C846C26A5B0A9008C448C /* QRAuthViewModelTest.swift */ = {isa = PBXFileReference; lastKnownFileType = sourcecode.swift; path = QRAuthViewModelTest.swift; sourceTree = "<group>"; };
		2835238F269DADF100AE1BBB /* QRCodeAuthClient.swift */ = {isa = PBXFileReference; lastKnownFileType = sourcecode.swift; path = QRCodeAuthClient.swift; sourceTree = "<group>"; };
		28352397269DAF0A00AE1BBB /* QRAuthResultModel.swift */ = {isa = PBXFileReference; lastKnownFileType = sourcecode.swift; path = QRAuthResultModel.swift; sourceTree = "<group>"; };
		2835239F269DBE5B00AE1BBB /* QRAuthEndPoint.swift */ = {isa = PBXFileReference; lastKnownFileType = sourcecode.swift; path = QRAuthEndPoint.swift; sourceTree = "<group>"; };
		28519BC126B00F0C009F615D /* BiometricsAuthenticator.swift */ = {isa = PBXFileReference; lastKnownFileType = sourcecode.swift; path = BiometricsAuthenticator.swift; sourceTree = "<group>"; };
		28519BCB26B07003009F615D /* BiometricsAuthenticatorTest.swift */ = {isa = PBXFileReference; lastKnownFileType = sourcecode.swift; path = BiometricsAuthenticatorTest.swift; sourceTree = "<group>"; };
		285ADA8226B4017000417085 /* QRCodeReaderViewController.swift */ = {isa = PBXFileReference; lastKnownFileType = sourcecode.swift; path = QRCodeReaderViewController.swift; sourceTree = "<group>"; };
		285ADA8326B4017000417085 /* QRCodeReaderViewController.xib */ = {isa = PBXFileReference; lastKnownFileType = file.xib; path = QRCodeReaderViewController.xib; sourceTree = "<group>"; };
		285ADA8826B4025200417085 /* AVCodeReader.swift */ = {isa = PBXFileReference; fileEncoding = 4; lastKnownFileType = sourcecode.swift; path = AVCodeReader.swift; sourceTree = "<group>"; };
		285ADA8C26B4026E00417085 /* QRCodeReaderProtocol.swift */ = {isa = PBXFileReference; fileEncoding = 4; lastKnownFileType = sourcecode.swift; path = QRCodeReaderProtocol.swift; sourceTree = "<group>"; };
		285ADA9626B432B800417085 /* QRCodeReaderViewControllerTest.swift */ = {isa = PBXFileReference; fileEncoding = 4; lastKnownFileType = sourcecode.swift; path = QRCodeReaderViewControllerTest.swift; sourceTree = "<group>"; };
		285ADA9E26B4338700417085 /* MockCodeReader.swift */ = {isa = PBXFileReference; fileEncoding = 4; lastKnownFileType = sourcecode.swift; path = MockCodeReader.swift; sourceTree = "<group>"; };
		285ADAA426B446D200417085 /* QRCodeReaderBuilderTest.swift */ = {isa = PBXFileReference; lastKnownFileType = sourcecode.swift; path = QRCodeReaderBuilderTest.swift; sourceTree = "<group>"; };
		2899322C26A83AAF00DA4FE3 /* QRAuthEndPointTest.swift */ = {isa = PBXFileReference; lastKnownFileType = sourcecode.swift; path = QRAuthEndPointTest.swift; sourceTree = "<group>"; };
		28E483BE26F3673200A58546 /* CyberArkAuthProviderTests.swift */ = {isa = PBXFileReference; lastKnownFileType = sourcecode.swift; path = CyberArkAuthProviderTests.swift; sourceTree = "<group>"; };
		E204635D26DF759E00359236 /* UIColor+Helper.swift */ = {isa = PBXFileReference; lastKnownFileType = sourcecode.swift; path = "UIColor+Helper.swift"; sourceTree = "<group>"; };
		E20CE28126FB022D005B717B /* JWTHelper.swift */ = {isa = PBXFileReference; lastKnownFileType = sourcecode.swift; path = JWTHelper.swift; sourceTree = "<group>"; };
		E22BC9D426AA938C00B3FD97 /* Device+Helper.swift */ = {isa = PBXFileReference; lastKnownFileType = sourcecode.swift; path = "Device+Helper.swift"; sourceTree = "<group>"; };
		E22BC9D926AABF4600B3FD97 /* EnrollEndpoint.swift */ = {isa = PBXFileReference; lastKnownFileType = sourcecode.swift; path = EnrollEndpoint.swift; sourceTree = "<group>"; };
		E24ECD2B269C63B100C61EF5 /* CyberarkAuthProvider.swift */ = {isa = PBXFileReference; fileEncoding = 4; lastKnownFileType = sourcecode.swift; path = CyberarkAuthProvider.swift; sourceTree = "<group>"; };
		E24ECD2D269C63B100C61EF5 /* CyberArkBrowserBuilder.swift */ = {isa = PBXFileReference; fileEncoding = 4; lastKnownFileType = sourcecode.swift; path = CyberArkBrowserBuilder.swift; sourceTree = "<group>"; };
		E24ECD2E269C63B100C61EF5 /* CyberArkBrowser.swift */ = {isa = PBXFileReference; fileEncoding = 4; lastKnownFileType = sourcecode.swift; path = CyberArkBrowser.swift; sourceTree = "<group>"; };
		E24ECD2F269C63B100C61EF5 /* AuthenticationViewModel.swift */ = {isa = PBXFileReference; fileEncoding = 4; lastKnownFileType = sourcecode.swift; path = AuthenticationViewModel.swift; sourceTree = "<group>"; };
		E24ECD30269C63B100C61EF5 /* OAuthEndPoint.swift */ = {isa = PBXFileReference; fileEncoding = 4; lastKnownFileType = sourcecode.swift; path = OAuthEndPoint.swift; sourceTree = "<group>"; };
		E24ECD31269C63B100C61EF5 /* IdentityAppInfo.swift */ = {isa = PBXFileReference; fileEncoding = 4; lastKnownFileType = sourcecode.swift; path = IdentityAppInfo.swift; sourceTree = "<group>"; };
		E24ECD35269C63B100C61EF5 /* IdentityTypes.swift */ = {isa = PBXFileReference; fileEncoding = 4; lastKnownFileType = sourcecode.swift; path = IdentityTypes.swift; sourceTree = "<group>"; };
		E24ECD36269C63B100C61EF5 /* OAuth2Header.swift */ = {isa = PBXFileReference; fileEncoding = 4; lastKnownFileType = sourcecode.swift; path = OAuth2Header.swift; sourceTree = "<group>"; };
		E24ECD37269C63B100C61EF5 /* IdentitySDKError.swift */ = {isa = PBXFileReference; fileEncoding = 4; lastKnownFileType = sourcecode.swift; path = IdentitySDKError.swift; sourceTree = "<group>"; };
		E24ECD3A269C63B100C61EF5 /* OAuthAcessToken.swift */ = {isa = PBXFileReference; fileEncoding = 4; lastKnownFileType = sourcecode.swift; path = OAuthAcessToken.swift; sourceTree = "<group>"; };
		E24ECD3B269C63B100C61EF5 /* OAuthClient.swift */ = {isa = PBXFileReference; fileEncoding = 4; lastKnownFileType = sourcecode.swift; path = OAuthClient.swift; sourceTree = "<group>"; };
		E24ECD40269C63B100C61EF5 /* APIError.swift */ = {isa = PBXFileReference; fileEncoding = 4; lastKnownFileType = sourcecode.swift; path = APIError.swift; sourceTree = "<group>"; };
		E24ECD41269C63B100C61EF5 /* APIClient.swift */ = {isa = PBXFileReference; fileEncoding = 4; lastKnownFileType = sourcecode.swift; path = APIClient.swift; sourceTree = "<group>"; };
		E24ECD42269C63B100C61EF5 /* APIResponse.swift */ = {isa = PBXFileReference; fileEncoding = 4; lastKnownFileType = sourcecode.swift; path = APIResponse.swift; sourceTree = "<group>"; };
		E24ECD43269C63B100C61EF5 /* APIRequest.swift */ = {isa = PBXFileReference; fileEncoding = 4; lastKnownFileType = sourcecode.swift; path = APIRequest.swift; sourceTree = "<group>"; };
		E24ECD44269C63B100C61EF5 /* NetworkConstant.swift */ = {isa = PBXFileReference; fileEncoding = 4; lastKnownFileType = sourcecode.swift; path = NetworkConstant.swift; sourceTree = "<group>"; };
		E24ECD46269C63B100C61EF5 /* QRAuthenticationProvider.swift */ = {isa = PBXFileReference; fileEncoding = 4; lastKnownFileType = sourcecode.swift; path = QRAuthenticationProvider.swift; sourceTree = "<group>"; };
		E24ECD47269C63B100C61EF5 /* QRAuthModel.swift */ = {isa = PBXFileReference; fileEncoding = 4; lastKnownFileType = sourcecode.swift; path = QRAuthModel.swift; sourceTree = "<group>"; };
		E24ECD48269C63B100C61EF5 /* QRAuthViewModel.swift */ = {isa = PBXFileReference; fileEncoding = 4; lastKnownFileType = sourcecode.swift; path = QRAuthViewModel.swift; sourceTree = "<group>"; };
		E24ECD4C269C63B100C61EF5 /* Codable+Helper.swift */ = {isa = PBXFileReference; fileEncoding = 4; lastKnownFileType = sourcecode.swift; path = "Codable+Helper.swift"; sourceTree = "<group>"; };
		E24ECD4D269C63B100C61EF5 /* Data+Helper.swift */ = {isa = PBXFileReference; fileEncoding = 4; lastKnownFileType = sourcecode.swift; path = "Data+Helper.swift"; sourceTree = "<group>"; };
		E24ECD4E269C63B100C61EF5 /* ViewController+Helper.swift */ = {isa = PBXFileReference; fileEncoding = 4; lastKnownFileType = sourcecode.swift; path = "ViewController+Helper.swift"; sourceTree = "<group>"; };
		E24ECD4F269C63B100C61EF5 /* Bundle+Helper.swift */ = {isa = PBXFileReference; fileEncoding = 4; lastKnownFileType = sourcecode.swift; path = "Bundle+Helper.swift"; sourceTree = "<group>"; };
		E24ECD50269C63B100C61EF5 /* AuthOChallengeGenerator.swift */ = {isa = PBXFileReference; fileEncoding = 4; lastKnownFileType = sourcecode.swift; path = AuthOChallengeGenerator.swift; sourceTree = "<group>"; };
		E24ECD51269C63B100C61EF5 /* Logger.swift */ = {isa = PBXFileReference; fileEncoding = 4; lastKnownFileType = sourcecode.swift; path = Logger.swift; sourceTree = "<group>"; };
		E24ECD52269C63B100C61EF5 /* KeychainWrapper.swift */ = {isa = PBXFileReference; fileEncoding = 4; lastKnownFileType = sourcecode.swift; path = KeychainWrapper.swift; sourceTree = "<group>"; };
		E24ECD53269C63B100C61EF5 /* Reachability.swift */ = {isa = PBXFileReference; fileEncoding = 4; lastKnownFileType = sourcecode.swift; path = Reachability.swift; sourceTree = "<group>"; };
		E24ECD54269C63B100C61EF5 /* URLRquest+Helper.swift */ = {isa = PBXFileReference; fileEncoding = 4; lastKnownFileType = sourcecode.swift; path = "URLRquest+Helper.swift"; sourceTree = "<group>"; };
		E24ECD55269C63B100C61EF5 /* URL+Helper.swift */ = {isa = PBXFileReference; fileEncoding = 4; lastKnownFileType = sourcecode.swift; path = "URL+Helper.swift"; sourceTree = "<group>"; };
		E24ECD57269C63B100C61EF5 /* String+Helper.swift */ = {isa = PBXFileReference; fileEncoding = 4; lastKnownFileType = sourcecode.swift; path = "String+Helper.swift"; sourceTree = "<group>"; };
		E25C431626C67FB800800764 /* Localizable.strings */ = {isa = PBXFileReference; lastKnownFileType = text.plist.strings; path = Localizable.strings; sourceTree = "<group>"; };
		E25C431B26C69CAA00800764 /* Dictionary+Helper.swift */ = {isa = PBXFileReference; lastKnownFileType = sourcecode.swift; path = "Dictionary+Helper.swift"; sourceTree = "<group>"; };
		E25C433226CA4DF900800764 /* CyberarkAccount.swift */ = {isa = PBXFileReference; lastKnownFileType = sourcecode.swift; path = CyberarkAccount.swift; sourceTree = "<group>"; };
		E25C43AB26CE54BD00800764 /* GlobalHelper.swift */ = {isa = PBXFileReference; lastKnownFileType = sourcecode.swift; path = GlobalHelper.swift; sourceTree = "<group>"; };
		E25C449E26CF844A00800764 /* Date+Helper.swift */ = {isa = PBXFileReference; lastKnownFileType = sourcecode.swift; path = "Date+Helper.swift"; sourceTree = "<group>"; };
		E27237DA26C51DC800F748B8 /* DeviceManager.swift */ = {isa = PBXFileReference; lastKnownFileType = sourcecode.swift; path = DeviceManager.swift; sourceTree = "<group>"; };
		E27237DE26C5503600F748B8 /* BaseResponse.swift */ = {isa = PBXFileReference; lastKnownFileType = sourcecode.swift; path = BaseResponse.swift; sourceTree = "<group>"; };
		E27237E226C551AC00F748B8 /* EnrollDevice.swift */ = {isa = PBXFileReference; lastKnownFileType = sourcecode.swift; path = EnrollDevice.swift; sourceTree = "<group>"; };
		E27237EC26C5673300F748B8 /* EnrollmentProvider.swift */ = {isa = PBXFileReference; lastKnownFileType = sourcecode.swift; path = EnrollmentProvider.swift; sourceTree = "<group>"; };
		E2778FEE26D7CCA400D84B1F /* EnrollmentEndpointTests.swift */ = {isa = PBXFileReference; lastKnownFileType = sourcecode.swift; path = EnrollmentEndpointTests.swift; sourceTree = "<group>"; };
		E2778FF426D7CCB900D84B1F /* EnrollmentViewModelTests.swift */ = {isa = PBXFileReference; lastKnownFileType = sourcecode.swift; path = EnrollmentViewModelTests.swift; sourceTree = "<group>"; };
		E2C669C226987AAF00E98544 /* Identity.framework */ = {isa = PBXFileReference; explicitFileType = wrapper.framework; includeInIndex = 0; path = Identity.framework; sourceTree = BUILT_PRODUCTS_DIR; };
		E2C669C526987AAF00E98544 /* Identity.h */ = {isa = PBXFileReference; lastKnownFileType = sourcecode.c.h; path = Identity.h; sourceTree = "<group>"; };
		E2C669C626987AAF00E98544 /* Info.plist */ = {isa = PBXFileReference; lastKnownFileType = text.plist.xml; path = Info.plist; sourceTree = "<group>"; };
		E2C669CB26987AAF00E98544 /* IdentityTests.xctest */ = {isa = PBXFileReference; explicitFileType = wrapper.cfbundle; includeInIndex = 0; path = IdentityTests.xctest; sourceTree = BUILT_PRODUCTS_DIR; };
		E2C669D026987AAF00E98544 /* IdentityTests.swift */ = {isa = PBXFileReference; lastKnownFileType = sourcecode.swift; path = IdentityTests.swift; sourceTree = "<group>"; };
		E2C669D226987AAF00E98544 /* Info.plist */ = {isa = PBXFileReference; lastKnownFileType = text.plist.xml; path = Info.plist; sourceTree = "<group>"; };
		E2EB34C226E5F2F700DC2FE5 /* OAuth_End_Session_Success.json */ = {isa = PBXFileReference; fileEncoding = 4; lastKnownFileType = text.json; path = OAuth_End_Session_Success.json; sourceTree = "<group>"; };
		E2EB34C826E5F2FE00DC2FE5 /* OAuth_Redirect_Failure.json */ = {isa = PBXFileReference; fileEncoding = 4; lastKnownFileType = text.json; path = OAuth_Redirect_Failure.json; sourceTree = "<group>"; };
		E2EB34CE26E5F30600DC2FE5 /* OAuth_Success.json */ = {isa = PBXFileReference; fileEncoding = 4; lastKnownFileType = text.json; path = OAuth_Success.json; sourceTree = "<group>"; };
		E2EB34D426E5F30D00DC2FE5 /* OAuth_Refresh_Token_Success.json */ = {isa = PBXFileReference; fileEncoding = 4; lastKnownFileType = text.json; path = OAuth_Refresh_Token_Success.json; sourceTree = "<group>"; };
		E2EB34DA26E5F31900DC2FE5 /* OAuth_End_Session_Failure.json */ = {isa = PBXFileReference; fileEncoding = 4; lastKnownFileType = text.json; path = OAuth_End_Session_Failure.json; sourceTree = "<group>"; };
		E2EB34E926E5F55800DC2FE5 /* Enrollment_Success.json */ = {isa = PBXFileReference; fileEncoding = 4; lastKnownFileType = text.json; path = Enrollment_Success.json; sourceTree = "<group>"; };
		E2EFFF0026C2B855008EED7E /* OAuthEndPointTests.swift */ = {isa = PBXFileReference; lastKnownFileType = sourcecode.swift; path = OAuthEndPointTests.swift; sourceTree = "<group>"; };
		E2EFFF0426C2C3D8008EED7E /* AuthenticationViewModelTests.swift */ = {isa = PBXFileReference; lastKnownFileType = sourcecode.swift; path = AuthenticationViewModelTests.swift; sourceTree = "<group>"; };
		E2EFFF1526C3AD81008EED7E /* EnrollmentViewModel.swift */ = {isa = PBXFileReference; lastKnownFileType = sourcecode.swift; path = EnrollmentViewModel.swift; sourceTree = "<group>"; };
		E2EFFF1926C3AF01008EED7E /* EnrollmentClient.swift */ = {isa = PBXFileReference; lastKnownFileType = sourcecode.swift; path = EnrollmentClient.swift; sourceTree = "<group>"; };
/* End PBXFileReference section */

/* Begin PBXFrameworksBuildPhase section */
		E2C669BF26987AAF00E98544 /* Frameworks */ = {
			isa = PBXFrameworksBuildPhase;
			buildActionMask = 2147483647;
			files = (
			);
			runOnlyForDeploymentPostprocessing = 0;
		};
		E2C669C826987AAF00E98544 /* Frameworks */ = {
			isa = PBXFrameworksBuildPhase;
			buildActionMask = 2147483647;
			files = (
				E2C669CC26987AAF00E98544 /* Identity.framework in Frameworks */,
			);
			runOnlyForDeploymentPostprocessing = 0;
		};
/* End PBXFrameworksBuildPhase section */

/* Begin PBXGroup section */
		2835238E269DADCB00AE1BBB /* QRCode */ = {
			isa = PBXGroup;
			children = (
				E24ECD47269C63B100C61EF5 /* QRAuthModel.swift */,
				2835238F269DADF100AE1BBB /* QRCodeAuthClient.swift */,
				28352397269DAF0A00AE1BBB /* QRAuthResultModel.swift */,
			);
			path = QRCode;
			sourceTree = "<group>";
		};
		28519BC026B00E7E009F615D /* Biometric */ = {
			isa = PBXGroup;
			children = (
				28519BC126B00F0C009F615D /* BiometricsAuthenticator.swift */,
			);
			path = Biometric;
			sourceTree = "<group>";
		};
		E24ECD29269C63B100C61EF5 /* IdentitySDKCore */ = {
			isa = PBXGroup;
			children = (
				E24ECD2A269C63B100C61EF5 /* OAuth */,
				E2EFFF1426C3AD5F008EED7E /* Enrollment */,
				28519BC026B00E7E009F615D /* Biometric */,
				E24ECD45269C63B100C61EF5 /* QR Athenticator */,
				E24ECD3F269C63B100C61EF5 /* NetworkLayer */,
				E24ECD38269C63B100C61EF5 /* Model */,
				E24ECD32269C63B100C61EF5 /* Constants */,
				E24ECD4B269C63B100C61EF5 /* Helper */,
			);
			path = IdentitySDKCore;
			sourceTree = "<group>";
		};
		E24ECD2A269C63B100C61EF5 /* OAuth */ = {
			isa = PBXGroup;
			children = (
				E24ECD2B269C63B100C61EF5 /* CyberarkAuthProvider.swift */,
				E24ECD2F269C63B100C61EF5 /* AuthenticationViewModel.swift */,
				E24ECD30269C63B100C61EF5 /* OAuthEndPoint.swift */,
				E24ECD3B269C63B100C61EF5 /* OAuthClient.swift */,
				E24ECD2C269C63B100C61EF5 /* CyberARK Browser */,
			);
			path = OAuth;
			sourceTree = "<group>";
		};
		E24ECD2C269C63B100C61EF5 /* CyberARK Browser */ = {
			isa = PBXGroup;
			children = (
				E24ECD2D269C63B100C61EF5 /* CyberArkBrowserBuilder.swift */,
				E24ECD2E269C63B100C61EF5 /* CyberArkBrowser.swift */,
				E25C433226CA4DF900800764 /* CyberarkAccount.swift */,
			);
			path = "CyberARK Browser";
			sourceTree = "<group>";
		};
		E24ECD32269C63B100C61EF5 /* Constants */ = {
			isa = PBXGroup;
			children = (
				E24ECD31269C63B100C61EF5 /* IdentityAppInfo.swift */,
				E24ECD37269C63B100C61EF5 /* IdentitySDKError.swift */,
				E24ECD35269C63B100C61EF5 /* IdentityTypes.swift */,
				E24ECD36269C63B100C61EF5 /* OAuth2Header.swift */,
				E24ECD40269C63B100C61EF5 /* APIError.swift */,
			);
			path = Constants;
			sourceTree = "<group>";
		};
		E24ECD38269C63B100C61EF5 /* Model */ = {
			isa = PBXGroup;
			children = (
				E27237DE26C5503600F748B8 /* BaseResponse.swift */,
				E27237E826C5540600F748B8 /* Enroll */,
				E24ECD39269C63B100C61EF5 /* OAuth */,
				2835238E269DADCB00AE1BBB /* QRCode */,
			);
			path = Model;
			sourceTree = "<group>";
		};
		E24ECD39269C63B100C61EF5 /* OAuth */ = {
			isa = PBXGroup;
			children = (
				E24ECD3A269C63B100C61EF5 /* OAuthAcessToken.swift */,
			);
			path = OAuth;
			sourceTree = "<group>";
		};
		E24ECD3F269C63B100C61EF5 /* NetworkLayer */ = {
			isa = PBXGroup;
			children = (
				E24ECD41269C63B100C61EF5 /* APIClient.swift */,
				E24ECD42269C63B100C61EF5 /* APIResponse.swift */,
				E24ECD43269C63B100C61EF5 /* APIRequest.swift */,
				E24ECD44269C63B100C61EF5 /* NetworkConstant.swift */,
			);
			path = NetworkLayer;
			sourceTree = "<group>";
		};
		E24ECD45269C63B100C61EF5 /* QR Athenticator */ = {
			isa = PBXGroup;
			children = (
				E24ECD46269C63B100C61EF5 /* QRAuthenticationProvider.swift */,
				E24ECD48269C63B100C61EF5 /* QRAuthViewModel.swift */,
				2835239F269DBE5B00AE1BBB /* QRAuthEndPoint.swift */,
				285ADA8226B4017000417085 /* QRCodeReaderViewController.swift */,
				285ADA8326B4017000417085 /* QRCodeReaderViewController.xib */,
				285ADA8826B4025200417085 /* AVCodeReader.swift */,
				285ADA8C26B4026E00417085 /* QRCodeReaderProtocol.swift */,
			);
			path = "QR Athenticator";
			sourceTree = "<group>";
		};
		E24ECD4B269C63B100C61EF5 /* Helper */ = {
			isa = PBXGroup;
			children = (
				E24ECD4C269C63B100C61EF5 /* Codable+Helper.swift */,
				E24ECD4D269C63B100C61EF5 /* Data+Helper.swift */,
				E24ECD4E269C63B100C61EF5 /* ViewController+Helper.swift */,
				E24ECD4F269C63B100C61EF5 /* Bundle+Helper.swift */,
				E24ECD50269C63B100C61EF5 /* AuthOChallengeGenerator.swift */,
				E24ECD51269C63B100C61EF5 /* Logger.swift */,
				E24ECD52269C63B100C61EF5 /* KeychainWrapper.swift */,
				E24ECD53269C63B100C61EF5 /* Reachability.swift */,
				E24ECD54269C63B100C61EF5 /* URLRquest+Helper.swift */,
				E24ECD55269C63B100C61EF5 /* URL+Helper.swift */,
				E24ECD57269C63B100C61EF5 /* String+Helper.swift */,
				E22BC9D426AA938C00B3FD97 /* Device+Helper.swift */,
				E27237DA26C51DC800F748B8 /* DeviceManager.swift */,
				E25C431B26C69CAA00800764 /* Dictionary+Helper.swift */,
				E25C43AB26CE54BD00800764 /* GlobalHelper.swift */,
				E25C449E26CF844A00800764 /* Date+Helper.swift */,
				E204635D26DF759E00359236 /* UIColor+Helper.swift */,
				E20CE28126FB022D005B717B /* JWTHelper.swift */,
			);
			path = Helper;
			sourceTree = "<group>";
		};
		E25C431526C67F8E00800764 /* Resources */ = {
			isa = PBXGroup;
			children = (
				E25C431626C67FB800800764 /* Localizable.strings */,
			);
			path = Resources;
			sourceTree = "<group>";
		};
		E27237E826C5540600F748B8 /* Enroll */ = {
			isa = PBXGroup;
			children = (
				E27237E226C551AC00F748B8 /* EnrollDevice.swift */,
			);
			path = Enroll;
			sourceTree = "<group>";
		};
		E2778FED26D7CC6800D84B1F /* EnrollmentTests */ = {
			isa = PBXGroup;
			children = (
				E2778FEE26D7CCA400D84B1F /* EnrollmentEndpointTests.swift */,
				E2778FF426D7CCB900D84B1F /* EnrollmentViewModelTests.swift */,
			);
			path = EnrollmentTests;
			sourceTree = "<group>";
		};
		E28D0EE526BC05AB0005A245 /* OAuthTests */ = {
			isa = PBXGroup;
			children = (
				E2EFFF0026C2B855008EED7E /* OAuthEndPointTests.swift */,
				28E483BE26F3673200A58546 /* CyberArkAuthProviderTests.swift */,
				E2EFFF0426C2C3D8008EED7E /* AuthenticationViewModelTests.swift */,
			);
			path = OAuthTests;
			sourceTree = "<group>";
		};
		E2C669B826987AAF00E98544 = {
			isa = PBXGroup;
			children = (
				E2C669C426987AAF00E98544 /* Identity */,
				E2C669CF26987AAF00E98544 /* IdentityTests */,
			);
			sourceTree = "<group>";
		};
		E2C669C326987AAF00E98544 /* Products */ = {
			isa = PBXGroup;
			children = (
				E2C669C226987AAF00E98544 /* Identity.framework */,
				E2C669CB26987AAF00E98544 /* IdentityTests.xctest */,
			);
			name = Products;
			path = ..;
			sourceTree = "<group>";
		};
		E2C669C426987AAF00E98544 /* Identity */ = {
			isa = PBXGroup;
			children = (
				E24ECD29269C63B100C61EF5 /* IdentitySDKCore */,
				E25C431526C67F8E00800764 /* Resources */,
				E2C669C626987AAF00E98544 /* Info.plist */,
				E2C669C526987AAF00E98544 /* Identity.h */,
			);
			path = Identity;
			sourceTree = "<group>";
		};
		E2C669CF26987AAF00E98544 /* IdentityTests */ = {
			isa = PBXGroup;
			children = (
				E2EB34BF26E5F29B00DC2FE5 /* MockResponse */,
				E2778FED26D7CC6800D84B1F /* EnrollmentTests */,
				E28D0EE526BC05AB0005A245 /* OAuthTests */,
				E2EFFF0D26C38997008EED7E /* BiometricTests */,
				E2EFFF0826C3897E008EED7E /* QRAuthenticatorTests */,
				E2C669D026987AAF00E98544 /* IdentityTests.swift */,
				E2C669D226987AAF00E98544 /* Info.plist */,
				E2C669C326987AAF00E98544 /* Products */,
			);
			path = IdentityTests;
			sourceTree = "<group>";
		};
		E2EB34BF26E5F29B00DC2FE5 /* MockResponse */ = {
			isa = PBXGroup;
			children = (
				E2EB34E826E5F53C00DC2FE5 /* EnrollmentResponse */,
				E2EB34C826E5F2FE00DC2FE5 /* OAuth_Redirect_Failure.json */,
				E2EB34D426E5F30D00DC2FE5 /* OAuth_Refresh_Token_Success.json */,
				E2EB34CE26E5F30600DC2FE5 /* OAuth_Success.json */,
				E2EB34C226E5F2F700DC2FE5 /* OAuth_End_Session_Success.json */,
				E2EB34DA26E5F31900DC2FE5 /* OAuth_End_Session_Failure.json */,
			);
			path = MockResponse;
			sourceTree = "<group>";
		};
		E2EB34E826E5F53C00DC2FE5 /* EnrollmentResponse */ = {
			isa = PBXGroup;
			children = (
				E2EB34E926E5F55800DC2FE5 /* Enrollment_Success.json */,
			);
			path = EnrollmentResponse;
			sourceTree = "<group>";
		};
		E2EFFF0826C3897E008EED7E /* QRAuthenticatorTests */ = {
			isa = PBXGroup;
			children = (
				285ADA9E26B4338700417085 /* MockCodeReader.swift */,
				285ADA9626B432B800417085 /* QRCodeReaderViewControllerTest.swift */,
				282C846C26A5B0A9008C448C /* QRAuthViewModelTest.swift */,
				2899322C26A83AAF00DA4FE3 /* QRAuthEndPointTest.swift */,
				285ADAA426B446D200417085 /* QRCodeReaderBuilderTest.swift */,
			);
			path = QRAuthenticatorTests;
			sourceTree = "<group>";
		};
		E2EFFF0D26C38997008EED7E /* BiometricTests */ = {
			isa = PBXGroup;
			children = (
				28519BCB26B07003009F615D /* BiometricsAuthenticatorTest.swift */,
			);
			path = BiometricTests;
			sourceTree = "<group>";
		};
		E2EFFF1426C3AD5F008EED7E /* Enrollment */ = {
			isa = PBXGroup;
			children = (
				E27237EC26C5673300F748B8 /* EnrollmentProvider.swift */,
				E2EFFF1526C3AD81008EED7E /* EnrollmentViewModel.swift */,
				E22BC9D926AABF4600B3FD97 /* EnrollEndpoint.swift */,
				E2EFFF1926C3AF01008EED7E /* EnrollmentClient.swift */,
			);
			path = Enrollment;
			sourceTree = "<group>";
		};
/* End PBXGroup section */

/* Begin PBXHeadersBuildPhase section */
		E2C669BD26987AAF00E98544 /* Headers */ = {
			isa = PBXHeadersBuildPhase;
			buildActionMask = 2147483647;
			files = (
				E2C669D326987AAF00E98544 /* Identity.h in Headers */,
			);
			runOnlyForDeploymentPostprocessing = 0;
		};
/* End PBXHeadersBuildPhase section */

/* Begin PBXNativeTarget section */
		E2C669C126987AAF00E98544 /* Identity */ = {
			isa = PBXNativeTarget;
			buildConfigurationList = E2C669D626987AAF00E98544 /* Build configuration list for PBXNativeTarget "Identity" */;
			buildPhases = (
				E2C669BD26987AAF00E98544 /* Headers */,
				E2C669BE26987AAF00E98544 /* Sources */,
				E2C669BF26987AAF00E98544 /* Frameworks */,
				E2C669C026987AAF00E98544 /* Resources */,
			);
			buildRules = (
			);
			dependencies = (
			);
			name = Identity;
			productName = Identity;
			productReference = E2C669C226987AAF00E98544 /* Identity.framework */;
			productType = "com.apple.product-type.framework";
		};
		E2C669CA26987AAF00E98544 /* IdentityTests */ = {
			isa = PBXNativeTarget;
			buildConfigurationList = E2C669D926987AAF00E98544 /* Build configuration list for PBXNativeTarget "IdentityTests" */;
			buildPhases = (
				E2C669C726987AAF00E98544 /* Sources */,
				E2C669C826987AAF00E98544 /* Frameworks */,
				E2C669C926987AAF00E98544 /* Resources */,
			);
			buildRules = (
			);
			dependencies = (
				E2C669CE26987AAF00E98544 /* PBXTargetDependency */,
			);
			name = IdentityTests;
			productName = IdentityTests;
			productReference = E2C669CB26987AAF00E98544 /* IdentityTests.xctest */;
			productType = "com.apple.product-type.bundle.unit-test";
		};
/* End PBXNativeTarget section */

/* Begin PBXProject section */
		E2C669B926987AAF00E98544 /* Project object */ = {
			isa = PBXProject;
			attributes = {
				LastSwiftUpdateCheck = 1200;
				LastUpgradeCheck = 1200;
				TargetAttributes = {
					E2C669C126987AAF00E98544 = {
						CreatedOnToolsVersion = 12.0.1;
					};
					E2C669CA26987AAF00E98544 = {
						CreatedOnToolsVersion = 12.0.1;
					};
				};
			};
			buildConfigurationList = E2C669BC26987AAF00E98544 /* Build configuration list for PBXProject "Identity" */;
			compatibilityVersion = "Xcode 9.3";
			developmentRegion = en;
			hasScannedForEncodings = 0;
			knownRegions = (
				en,
				Base,
			);
			mainGroup = E2C669B826987AAF00E98544;
			productRefGroup = E2C669C326987AAF00E98544 /* Products */;
			projectDirPath = "";
			projectRoot = "";
			targets = (
				E2C669C126987AAF00E98544 /* Identity */,
				E2C669CA26987AAF00E98544 /* IdentityTests */,
			);
		};
/* End PBXProject section */

/* Begin PBXResourcesBuildPhase section */
		E2C669C026987AAF00E98544 /* Resources */ = {
			isa = PBXResourcesBuildPhase;
			buildActionMask = 2147483647;
			files = (
				285ADA8526B4017000417085 /* QRCodeReaderViewController.xib in Resources */,
				E25C431726C67FB800800764 /* Localizable.strings in Resources */,
			);
			runOnlyForDeploymentPostprocessing = 0;
		};
		E2C669C926987AAF00E98544 /* Resources */ = {
			isa = PBXResourcesBuildPhase;
			buildActionMask = 2147483647;
			files = (
				E2EB34DB26E5F31900DC2FE5 /* OAuth_End_Session_Failure.json in Resources */,
				E2EB34C326E5F2F700DC2FE5 /* OAuth_End_Session_Success.json in Resources */,
				E2EB34EA26E5F55800DC2FE5 /* Enrollment_Success.json in Resources */,
				E2EB34C926E5F2FF00DC2FE5 /* OAuth_Redirect_Failure.json in Resources */,
				E2EB34D526E5F30D00DC2FE5 /* OAuth_Refresh_Token_Success.json in Resources */,
				E2EB34CF26E5F30600DC2FE5 /* OAuth_Success.json in Resources */,
			);
			runOnlyForDeploymentPostprocessing = 0;
		};
/* End PBXResourcesBuildPhase section */

/* Begin PBXSourcesBuildPhase section */
		E2C669BE26987AAF00E98544 /* Sources */ = {
			isa = PBXSourcesBuildPhase;
			buildActionMask = 2147483647;
			files = (
				E25C449F26CF844A00800764 /* Date+Helper.swift in Sources */,
				28352390269DADF100AE1BBB /* QRCodeAuthClient.swift in Sources */,
				E27237E326C551AC00F748B8 /* EnrollDevice.swift in Sources */,
				E24ECD63269C63B100C61EF5 /* OAuthClient.swift in Sources */,
				E24ECD5B269C63B100C61EF5 /* AuthenticationViewModel.swift in Sources */,
				E24ECD5D269C63B100C61EF5 /* IdentityAppInfo.swift in Sources */,
				E24ECD67269C63B100C61EF5 /* APIClient.swift in Sources */,
				E24ECD58269C63B100C61EF5 /* CyberarkAuthProvider.swift in Sources */,
				E24ECD75269C63B100C61EF5 /* Logger.swift in Sources */,
				E27237DB26C51DC800F748B8 /* DeviceManager.swift in Sources */,
				E24ECD68269C63B100C61EF5 /* APIResponse.swift in Sources */,
				E27237DF26C5503600F748B8 /* BaseResponse.swift in Sources */,
				E24ECD61269C63B100C61EF5 /* IdentitySDKError.swift in Sources */,
				E24ECD7B269C63B100C61EF5 /* String+Helper.swift in Sources */,
				E24ECD76269C63B100C61EF5 /* KeychainWrapper.swift in Sources */,
				E27237ED26C5673300F748B8 /* EnrollmentProvider.swift in Sources */,
				E24ECD59269C63B100C61EF5 /* CyberArkBrowserBuilder.swift in Sources */,
				285ADA8926B4025200417085 /* AVCodeReader.swift in Sources */,
				E24ECD66269C63B100C61EF5 /* APIError.swift in Sources */,
				E24ECD6A269C63B100C61EF5 /* NetworkConstant.swift in Sources */,
				E24ECD72269C63B100C61EF5 /* ViewController+Helper.swift in Sources */,
				E24ECD70269C63B100C61EF5 /* Codable+Helper.swift in Sources */,
				E24ECD71269C63B100C61EF5 /* Data+Helper.swift in Sources */,
				E204635E26DF759E00359236 /* UIColor+Helper.swift in Sources */,
				E24ECD79269C63B100C61EF5 /* URL+Helper.swift in Sources */,
				285ADA8426B4017000417085 /* QRCodeReaderViewController.swift in Sources */,
				28519BC226B00F0C009F615D /* BiometricsAuthenticator.swift in Sources */,
				E24ECD6B269C63B100C61EF5 /* QRAuthenticationProvider.swift in Sources */,
				E24ECD77269C63B100C61EF5 /* Reachability.swift in Sources */,
				E24ECD78269C63B100C61EF5 /* URLRquest+Helper.swift in Sources */,
				E2EFFF1A26C3AF01008EED7E /* EnrollmentClient.swift in Sources */,
				E2EFFF1626C3AD81008EED7E /* EnrollmentViewModel.swift in Sources */,
				E25C43AC26CE54BD00800764 /* GlobalHelper.swift in Sources */,
				28352398269DAF0A00AE1BBB /* QRAuthResultModel.swift in Sources */,
				E24ECD73269C63B100C61EF5 /* Bundle+Helper.swift in Sources */,
				E25C433326CA4DF900800764 /* CyberarkAccount.swift in Sources */,
				E24ECD5C269C63B100C61EF5 /* OAuthEndPoint.swift in Sources */,
				E25C431C26C69CAA00800764 /* Dictionary+Helper.swift in Sources */,
				E22BC9DA26AABF4600B3FD97 /* EnrollEndpoint.swift in Sources */,
				E24ECD6D269C63B100C61EF5 /* QRAuthViewModel.swift in Sources */,
				E24ECD5F269C63B100C61EF5 /* IdentityTypes.swift in Sources */,
				E24ECD5A269C63B100C61EF5 /* CyberArkBrowser.swift in Sources */,
				E24ECD62269C63B100C61EF5 /* OAuthAcessToken.swift in Sources */,
				E24ECD74269C63B100C61EF5 /* AuthOChallengeGenerator.swift in Sources */,
				285ADA8D26B4026E00417085 /* QRCodeReaderProtocol.swift in Sources */,
				E20CE28226FB022D005B717B /* JWTHelper.swift in Sources */,
				E24ECD60269C63B100C61EF5 /* OAuth2Header.swift in Sources */,
				283523A0269DBE5B00AE1BBB /* QRAuthEndPoint.swift in Sources */,
				E24ECD69269C63B100C61EF5 /* APIRequest.swift in Sources */,
				E22BC9D526AA938C00B3FD97 /* Device+Helper.swift in Sources */,
				E24ECD6C269C63B100C61EF5 /* QRAuthModel.swift in Sources */,
			);
			runOnlyForDeploymentPostprocessing = 0;
		};
		E2C669C726987AAF00E98544 /* Sources */ = {
			isa = PBXSourcesBuildPhase;
			buildActionMask = 2147483647;
			files = (
				E2EFFF0126C2B855008EED7E /* OAuthEndPointTests.swift in Sources */,
				E2C669D126987AAF00E98544 /* IdentityTests.swift in Sources */,
				28F9A85326F489F5002EA7EA /* KeychainWrapper.swift in Sources */,
				E2778FEF26D7CCA400D84B1F /* EnrollmentEndpointTests.swift in Sources */,
				2899322D26A83AAF00DA4FE3 /* QRAuthEndPointTest.swift in Sources */,
				285ADA9726B432B800417085 /* QRCodeReaderViewControllerTest.swift in Sources */,
				282C846D26A5B0A9008C448C /* QRAuthViewModelTest.swift in Sources */,
				28519BCC26B07003009F615D /* BiometricsAuthenticatorTest.swift in Sources */,
				E2EFFF0526C2C3D8008EED7E /* AuthenticationViewModelTests.swift in Sources */,
				285ADA9F26B4338700417085 /* MockCodeReader.swift in Sources */,
				28E483BF26F3673200A58546 /* CyberArkAuthProviderTests.swift in Sources */,
				285ADAA526B446D200417085 /* QRCodeReaderBuilderTest.swift in Sources */,
				E2778FF526D7CCB900D84B1F /* EnrollmentViewModelTests.swift in Sources */,
			);
			runOnlyForDeploymentPostprocessing = 0;
		};
/* End PBXSourcesBuildPhase section */

/* Begin PBXTargetDependency section */
		E2C669CE26987AAF00E98544 /* PBXTargetDependency */ = {
			isa = PBXTargetDependency;
			target = E2C669C126987AAF00E98544 /* Identity */;
			targetProxy = E2C669CD26987AAF00E98544 /* PBXContainerItemProxy */;
		};
/* End PBXTargetDependency section */

/* Begin XCBuildConfiguration section */
		E2C669D426987AAF00E98544 /* Debug */ = {
			isa = XCBuildConfiguration;
			buildSettings = {
				ALWAYS_SEARCH_USER_PATHS = NO;
				CLANG_ANALYZER_NONNULL = YES;
				CLANG_ANALYZER_NUMBER_OBJECT_CONVERSION = YES_AGGRESSIVE;
				CLANG_CXX_LANGUAGE_STANDARD = "gnu++14";
				CLANG_CXX_LIBRARY = "libc++";
				CLANG_ENABLE_MODULES = YES;
				CLANG_ENABLE_OBJC_ARC = YES;
				CLANG_ENABLE_OBJC_WEAK = YES;
				CLANG_WARN_BLOCK_CAPTURE_AUTORELEASING = YES;
				CLANG_WARN_BOOL_CONVERSION = YES;
				CLANG_WARN_COMMA = YES;
				CLANG_WARN_CONSTANT_CONVERSION = YES;
				CLANG_WARN_DEPRECATED_OBJC_IMPLEMENTATIONS = YES;
				CLANG_WARN_DIRECT_OBJC_ISA_USAGE = YES_ERROR;
				CLANG_WARN_DOCUMENTATION_COMMENTS = YES;
				CLANG_WARN_EMPTY_BODY = YES;
				CLANG_WARN_ENUM_CONVERSION = YES;
				CLANG_WARN_INFINITE_RECURSION = YES;
				CLANG_WARN_INT_CONVERSION = YES;
				CLANG_WARN_NON_LITERAL_NULL_CONVERSION = YES;
				CLANG_WARN_OBJC_IMPLICIT_RETAIN_SELF = YES;
				CLANG_WARN_OBJC_LITERAL_CONVERSION = YES;
				CLANG_WARN_OBJC_ROOT_CLASS = YES_ERROR;
				CLANG_WARN_QUOTED_INCLUDE_IN_FRAMEWORK_HEADER = YES;
				CLANG_WARN_RANGE_LOOP_ANALYSIS = YES;
				CLANG_WARN_STRICT_PROTOTYPES = YES;
				CLANG_WARN_SUSPICIOUS_MOVE = YES;
				CLANG_WARN_UNGUARDED_AVAILABILITY = YES_AGGRESSIVE;
				CLANG_WARN_UNREACHABLE_CODE = YES;
				CLANG_WARN__DUPLICATE_METHOD_MATCH = YES;
				COPY_PHASE_STRIP = NO;
				CURRENT_PROJECT_VERSION = 1;
				DEBUG_INFORMATION_FORMAT = dwarf;
				ENABLE_STRICT_OBJC_MSGSEND = YES;
				ENABLE_TESTABILITY = YES;
				GCC_C_LANGUAGE_STANDARD = gnu11;
				GCC_DYNAMIC_NO_PIC = NO;
				GCC_NO_COMMON_BLOCKS = YES;
				GCC_OPTIMIZATION_LEVEL = 0;
				GCC_PREPROCESSOR_DEFINITIONS = (
					"DEBUG=1",
					"$(inherited)",
				);
				GCC_WARN_64_TO_32_BIT_CONVERSION = YES;
				GCC_WARN_ABOUT_RETURN_TYPE = YES_ERROR;
				GCC_WARN_UNDECLARED_SELECTOR = YES;
				GCC_WARN_UNINITIALIZED_AUTOS = YES_AGGRESSIVE;
				GCC_WARN_UNUSED_FUNCTION = YES;
				GCC_WARN_UNUSED_VARIABLE = YES;
				IPHONEOS_DEPLOYMENT_TARGET = 14.0;
				MTL_ENABLE_DEBUG_INFO = INCLUDE_SOURCE;
				MTL_FAST_MATH = YES;
				ONLY_ACTIVE_ARCH = YES;
				SDKROOT = iphoneos;
				SWIFT_ACTIVE_COMPILATION_CONDITIONS = DEBUG;
				SWIFT_OPTIMIZATION_LEVEL = "-Onone";
				VERSIONING_SYSTEM = "apple-generic";
				VERSION_INFO_PREFIX = "";
			};
			name = Debug;
		};
		E2C669D526987AAF00E98544 /* Release */ = {
			isa = XCBuildConfiguration;
			buildSettings = {
				ALWAYS_SEARCH_USER_PATHS = NO;
				CLANG_ANALYZER_NONNULL = YES;
				CLANG_ANALYZER_NUMBER_OBJECT_CONVERSION = YES_AGGRESSIVE;
				CLANG_CXX_LANGUAGE_STANDARD = "gnu++14";
				CLANG_CXX_LIBRARY = "libc++";
				CLANG_ENABLE_MODULES = YES;
				CLANG_ENABLE_OBJC_ARC = YES;
				CLANG_ENABLE_OBJC_WEAK = YES;
				CLANG_WARN_BLOCK_CAPTURE_AUTORELEASING = YES;
				CLANG_WARN_BOOL_CONVERSION = YES;
				CLANG_WARN_COMMA = YES;
				CLANG_WARN_CONSTANT_CONVERSION = YES;
				CLANG_WARN_DEPRECATED_OBJC_IMPLEMENTATIONS = YES;
				CLANG_WARN_DIRECT_OBJC_ISA_USAGE = YES_ERROR;
				CLANG_WARN_DOCUMENTATION_COMMENTS = YES;
				CLANG_WARN_EMPTY_BODY = YES;
				CLANG_WARN_ENUM_CONVERSION = YES;
				CLANG_WARN_INFINITE_RECURSION = YES;
				CLANG_WARN_INT_CONVERSION = YES;
				CLANG_WARN_NON_LITERAL_NULL_CONVERSION = YES;
				CLANG_WARN_OBJC_IMPLICIT_RETAIN_SELF = YES;
				CLANG_WARN_OBJC_LITERAL_CONVERSION = YES;
				CLANG_WARN_OBJC_ROOT_CLASS = YES_ERROR;
				CLANG_WARN_QUOTED_INCLUDE_IN_FRAMEWORK_HEADER = YES;
				CLANG_WARN_RANGE_LOOP_ANALYSIS = YES;
				CLANG_WARN_STRICT_PROTOTYPES = YES;
				CLANG_WARN_SUSPICIOUS_MOVE = YES;
				CLANG_WARN_UNGUARDED_AVAILABILITY = YES_AGGRESSIVE;
				CLANG_WARN_UNREACHABLE_CODE = YES;
				CLANG_WARN__DUPLICATE_METHOD_MATCH = YES;
				COPY_PHASE_STRIP = NO;
				CURRENT_PROJECT_VERSION = 1;
				DEBUG_INFORMATION_FORMAT = "dwarf-with-dsym";
				ENABLE_NS_ASSERTIONS = NO;
				ENABLE_STRICT_OBJC_MSGSEND = YES;
				GCC_C_LANGUAGE_STANDARD = gnu11;
				GCC_NO_COMMON_BLOCKS = YES;
				GCC_WARN_64_TO_32_BIT_CONVERSION = YES;
				GCC_WARN_ABOUT_RETURN_TYPE = YES_ERROR;
				GCC_WARN_UNDECLARED_SELECTOR = YES;
				GCC_WARN_UNINITIALIZED_AUTOS = YES_AGGRESSIVE;
				GCC_WARN_UNUSED_FUNCTION = YES;
				GCC_WARN_UNUSED_VARIABLE = YES;
				IPHONEOS_DEPLOYMENT_TARGET = 14.0;
				MTL_ENABLE_DEBUG_INFO = NO;
				MTL_FAST_MATH = YES;
				SDKROOT = iphoneos;
				SWIFT_COMPILATION_MODE = wholemodule;
				SWIFT_OPTIMIZATION_LEVEL = "-O";
				VALIDATE_PRODUCT = YES;
				VERSIONING_SYSTEM = "apple-generic";
				VERSION_INFO_PREFIX = "";
			};
			name = Release;
		};
		E2C669D726987AAF00E98544 /* Debug */ = {
			isa = XCBuildConfiguration;
			buildSettings = {
				CODE_SIGN_STYLE = Automatic;
				DEFINES_MODULE = YES;
				DYLIB_COMPATIBILITY_VERSION = 1;
				DYLIB_CURRENT_VERSION = 1;
				DYLIB_INSTALL_NAME_BASE = "@rpath";
				INFOPLIST_FILE = Identity/Info.plist;
				INSTALL_PATH = "$(LOCAL_LIBRARY_DIR)/Frameworks";
				IPHONEOS_DEPLOYMENT_TARGET = 13.0;
				LD_RUNPATH_SEARCH_PATHS = (
					"$(inherited)",
					"@executable_path/Frameworks",
					"@loader_path/Frameworks",
				);
				PRODUCT_BUNDLE_IDENTIFIER = com.cyberark.Identity;
				PRODUCT_NAME = "$(TARGET_NAME:c99extidentifier)";
				SKIP_INSTALL = YES;
				SWIFT_VERSION = 5.0;
				TARGETED_DEVICE_FAMILY = "1,2";
			};
			name = Debug;
		};
		E2C669D826987AAF00E98544 /* Release */ = {
			isa = XCBuildConfiguration;
			buildSettings = {
				CODE_SIGN_STYLE = Automatic;
				DEFINES_MODULE = YES;
				DYLIB_COMPATIBILITY_VERSION = 1;
				DYLIB_CURRENT_VERSION = 1;
				DYLIB_INSTALL_NAME_BASE = "@rpath";
				INFOPLIST_FILE = Identity/Info.plist;
				INSTALL_PATH = "$(LOCAL_LIBRARY_DIR)/Frameworks";
				IPHONEOS_DEPLOYMENT_TARGET = 13.0;
				LD_RUNPATH_SEARCH_PATHS = (
					"$(inherited)",
					"@executable_path/Frameworks",
					"@loader_path/Frameworks",
				);
				PRODUCT_BUNDLE_IDENTIFIER = com.cyberark.Identity;
				PRODUCT_NAME = "$(TARGET_NAME:c99extidentifier)";
				SKIP_INSTALL = YES;
				SWIFT_VERSION = 5.0;
				TARGETED_DEVICE_FAMILY = "1,2";
			};
			name = Release;
		};
		E2C669DA26987AAF00E98544 /* Debug */ = {
			isa = XCBuildConfiguration;
			buildSettings = {
				ALWAYS_EMBED_SWIFT_STANDARD_LIBRARIES = YES;
				CODE_SIGN_STYLE = Automatic;
				INFOPLIST_FILE = IdentityTests/Info.plist;
				LD_RUNPATH_SEARCH_PATHS = (
					"$(inherited)",
					"@executable_path/Frameworks",
					"@loader_path/Frameworks",
				);
				PRODUCT_BUNDLE_IDENTIFIER = com.cyberark.Identity.IdentityTests;
				PRODUCT_NAME = "$(TARGET_NAME)";
				SWIFT_VERSION = 5.0;
				TARGETED_DEVICE_FAMILY = "1,2";
			};
			name = Debug;
		};
		E2C669DB26987AAF00E98544 /* Release */ = {
			isa = XCBuildConfiguration;
			buildSettings = {
				ALWAYS_EMBED_SWIFT_STANDARD_LIBRARIES = YES;
				CODE_SIGN_STYLE = Automatic;
				INFOPLIST_FILE = IdentityTests/Info.plist;
				LD_RUNPATH_SEARCH_PATHS = (
					"$(inherited)",
					"@executable_path/Frameworks",
					"@loader_path/Frameworks",
				);
				PRODUCT_BUNDLE_IDENTIFIER = com.cyberark.Identity.IdentityTests;
				PRODUCT_NAME = "$(TARGET_NAME)";
				SWIFT_VERSION = 5.0;
				TARGETED_DEVICE_FAMILY = "1,2";
			};
			name = Release;
		};
/* End XCBuildConfiguration section */

/* Begin XCConfigurationList section */
		E2C669BC26987AAF00E98544 /* Build configuration list for PBXProject "Identity" */ = {
			isa = XCConfigurationList;
			buildConfigurations = (
				E2C669D426987AAF00E98544 /* Debug */,
				E2C669D526987AAF00E98544 /* Release */,
			);
			defaultConfigurationIsVisible = 0;
			defaultConfigurationName = Release;
		};
		E2C669D626987AAF00E98544 /* Build configuration list for PBXNativeTarget "Identity" */ = {
			isa = XCConfigurationList;
			buildConfigurations = (
				E2C669D726987AAF00E98544 /* Debug */,
				E2C669D826987AAF00E98544 /* Release */,
			);
			defaultConfigurationIsVisible = 0;
			defaultConfigurationName = Release;
		};
		E2C669D926987AAF00E98544 /* Build configuration list for PBXNativeTarget "IdentityTests" */ = {
			isa = XCConfigurationList;
			buildConfigurations = (
				E2C669DA26987AAF00E98544 /* Debug */,
				E2C669DB26987AAF00E98544 /* Release */,
			);
			defaultConfigurationIsVisible = 0;
			defaultConfigurationName = Release;
		};
/* End XCConfigurationList section */
	};
	rootObject = E2C669B926987AAF00E98544 /* Project object */;
}
